
Microsoft Visual Studio Solution File, Format Version 11.00
# Visual Studio 2010
Project("{FAE04EC0-301F-11D3-BF4B-00C04F79EFBC}") = "Listing_01", "Listing_01\Listing_01.csproj", "{F7583E3D-8B88-4788-97F8-15A627A6E813}"
EndProject
Project("{FAE04EC0-301F-11D3-BF4B-00C04F79EFBC}") = "Listing_02", "Listing_02\Listing_02.csproj", "{307D9F65-0C6F-43F8-B532-6845F3FCEB67}"
EndProject
Project("{FAE04EC0-301F-11D3-BF4B-00C04F79EFBC}") = "Listing_03", "Listing_03\Listing_03.csproj", "{03239395-1F6C-4A15-A195-88BDA6C4ABCB}"
EndProject
Project("{FAE04EC0-301F-11D3-BF4B-00C04F79EFBC}") = "Listing_04", "Listing_04\Listing_04.csproj", "{275F9EDC-C1C8-446A-8463-0D725BE1D63D}"
EndProject
Project("{FAE04EC0-301F-11D3-BF4B-00C04F79EFBC}") = "Listing_05", "Listing_05\Listing_05.csproj", "{D4E08655-2822-4DB7-8520-A9ADEC55A24C}"
EndProject
Project("{FAE04EC0-301F-11D3-BF4B-00C04F79EFBC}") = "Listing_06", "Listing_06\Listing_06.csproj", "{D1970F51-618B-4576-A7B3-58F58CDC6DBE}"
EndProject
Project("{FAE04EC0-301F-11D3-BF4B-00C04F79EFBC}") = "Listing_07", "Listing_07\Listing_07.csproj", "{17DA834D-74BB-407F-ABC6-534C0591EE1E}"
EndProject
Project("{FAE04EC0-301F-11D3-BF4B-00C04F79EFBC}") = "Listing_10", "Listing_10\Listing_10.csproj", "{129E648D-F346-4CDA-84F1-2DEC0117EEE0}"
EndProject
Project("{FAE04EC0-301F-11D3-BF4B-00C04F79EFBC}") = "Listing_11", "Listing_11\Listing_11.csproj", "{2920E81B-77CD-48DF-ACBA-5B21A8ADDEA8}"
EndProject
Project("{FAE04EC0-301F-11D3-BF4B-00C04F79EFBC}") = "Listing_12", "Listing_12\Listing_12.csproj", "{690E9AF7-CB41-4782-86DA-0B651BE82163}"
EndProject
Project("{FAE04EC0-301F-11D3-BF4B-00C04F79EFBC}") = "Listing_13", "Listing_13\Listing_13.csproj", "{C7A610FE-C5C4-4123-BA0A-E5A03459727B}"
EndProject
Project("{FAE04EC0-301F-11D3-BF4B-00C04F79EFBC}") = "Listing_14", "Listing_14\Listing_14.csproj", "{F6F9F1A8-9F5A-44C1-8B6D-30313E450589}"
EndProject
Project("{FAE04EC0-301F-11D3-BF4B-00C04F79EFBC}") = "Listing_15", "Listing_15\Listing_15.csproj", "{13296339-23E3-4432-ADEE-E8F556F07F63}"
EndProject
Project("{FAE04EC0-301F-11D3-BF4B-00C04F79EFBC}") = "Listing_16", "Listing_16\Listing_16.csproj", "{05C7EEFA-C93F-459A-9F3C-F4435FF9F03B}"
EndProject
Project("{FAE04EC0-301F-11D3-BF4B-00C04F79EFBC}") = "Listing_17", "Listing_17\Listing_17.csproj", "{89071941-AAA1-4499-A020-AFF05D756FED}"
EndProject
Project("{FAE04EC0-301F-11D3-BF4B-00C04F79EFBC}") = "Listing_18", "Listing_18\Listing_18.csproj", "{B3DB38DB-13E2-44E5-BADE-03E5EF6050FA}"
EndProject
Project("{FAE04EC0-301F-11D3-BF4B-00C04F79EFBC}") = "Listing_19", "Listing_19\Listing_19.csproj", "{AACA5E78-D5AC-454D-A79B-A15FF1FB2B02}"
EndProject
Project("{FAE04EC0-301F-11D3-BF4B-00C04F79EFBC}") = "Listing_20", "Listing_20\Listing_20.csproj", "{B66434A3-DE84-457D-836A-F38C7902D151}"
EndProject
Project("{FAE04EC0-301F-11D3-BF4B-00C04F79EFBC}") = "Listing_21", "Listing_21\Listing_21.csproj", "{916D880E-0A83-4AA8-BAA0-B481894095D3}"
EndProject
Project("{FAE04EC0-301F-11D3-BF4B-00C04F79EFBC}") = "Listing_22", "Listing_22\Listing_22.csproj", "{4B0A215F-4446-4AA8-BAA3-B398270CCEE8}"
EndProject
Project("{FAE04EC0-301F-11D3-BF4B-00C04F79EFBC}") = "Listing_23", "Listing_23\Listing_23.csproj", "{0F675FD8-EB51-4EB7-8F80-616B800E0951}"
EndProject
Project("{2150E333-8FDC-42A3-9474-1A3956D46DE8}") = "Common Problems", "Common Problems", "{EB0092C6-2589-4D98-97F3-4F9B0F7E372A}"
EndProject
Project("{2150E333-8FDC-42A3-9474-1A3956D46DE8}") = "Code Listings", "Code Listings", "{30BFFABD-94D4-4E5C-A4EC-2172D79D2D6F}"
EndProject
Project("{FAE04EC0-301F-11D3-BF4B-00C04F79EFBC}") = "Dependency_Deadlock", "Dependency_Deadlock\Dependency_Deadlock.csproj", "{4101F7FD-E697-456C-828A-F1868A434253}"
EndProject
Project("{FAE04EC0-301F-11D3-BF4B-00C04F79EFBC}") = "Local_Variable_Evaluation", "Local_Variable_Evaluation\Local_Variable_Evaluation.csproj", "{E0787007-39D9-41D0-954D-63AE1FEF2CE8}"
EndProject
Project("{FAE04EC0-301F-11D3-BF4B-00C04F79EFBC}") = "Excessive_Spinning", "Excessive_Spinning\Excessive_Spinning.csproj", "{B3B73C7F-1CE7-4770-9AAB-23F123EF5109}"
EndProject
Project("{FAE04EC0-301F-11D3-BF4B-00C04F79EFBC}") = "Listing_08", "Listing_08\Listing_08.csproj", "{FB1665B3-52BD-471C-BA69-C3F9BA5072BE}"
EndProject
Project("{FAE04EC0-301F-11D3-BF4B-00C04F79EFBC}") = "Listing_09", "Listing_09\Listing_09.csproj", "{C81C94D4-4B16-4EE9-946D-05FB5B15645A}"
EndProject
Global
	GlobalSection(SolutionConfigurationPlatforms) = preSolution
		Debug|x86 = Debug|x86
		Release|x86 = Release|x86
	EndGlobalSection
	GlobalSection(ProjectConfigurationPlatforms) = postSolution
		{F7583E3D-8B88-4788-97F8-15A627A6E813}.Debug|x86.ActiveCfg = Debug|x86
		{F7583E3D-8B88-4788-97F8-15A627A6E813}.Debug|x86.Build.0 = Debug|x86
		{F7583E3D-8B88-4788-97F8-15A627A6E813}.Release|x86.ActiveCfg = Release|x86
		{F7583E3D-8B88-4788-97F8-15A627A6E813}.Release|x86.Build.0 = Release|x86
		{307D9F65-0C6F-43F8-B532-6845F3FCEB67}.Debug|x86.ActiveCfg = Debug|x86
		{307D9F65-0C6F-43F8-B532-6845F3FCEB67}.Debug|x86.Build.0 = Debug|x86
		{307D9F65-0C6F-43F8-B532-6845F3FCEB67}.Release|x86.ActiveCfg = Release|x86
		{307D9F65-0C6F-43F8-B532-6845F3FCEB67}.Release|x86.Build.0 = Release|x86
		{03239395-1F6C-4A15-A195-88BDA6C4ABCB}.Debug|x86.ActiveCfg = Debug|x86
		{03239395-1F6C-4A15-A195-88BDA6C4ABCB}.Debug|x86.Build.0 = Debug|x86
		{03239395-1F6C-4A15-A195-88BDA6C4ABCB}.Release|x86.ActiveCfg = Release|x86
		{03239395-1F6C-4A15-A195-88BDA6C4ABCB}.Release|x86.Build.0 = Release|x86
		{275F9EDC-C1C8-446A-8463-0D725BE1D63D}.Debug|x86.ActiveCfg = Debug|x86
		{275F9EDC-C1C8-446A-8463-0D725BE1D63D}.Debug|x86.Build.0 = Debug|x86
		{275F9EDC-C1C8-446A-8463-0D725BE1D63D}.Release|x86.ActiveCfg = Release|x86
		{275F9EDC-C1C8-446A-8463-0D725BE1D63D}.Release|x86.Build.0 = Release|x86
		{D4E08655-2822-4DB7-8520-A9ADEC55A24C}.Debug|x86.ActiveCfg = Debug|x86
		{D4E08655-2822-4DB7-8520-A9ADEC55A24C}.Debug|x86.Build.0 = Debug|x86
		{D4E08655-2822-4DB7-8520-A9ADEC55A24C}.Release|x86.ActiveCfg = Release|x86
		{D4E08655-2822-4DB7-8520-A9ADEC55A24C}.Release|x86.Build.0 = Release|x86
		{D1970F51-618B-4576-A7B3-58F58CDC6DBE}.Debug|x86.ActiveCfg = Debug|x86
		{D1970F51-618B-4576-A7B3-58F58CDC6DBE}.Debug|x86.Build.0 = Debug|x86
		{D1970F51-618B-4576-A7B3-58F58CDC6DBE}.Release|x86.ActiveCfg = Release|x86
		{D1970F51-618B-4576-A7B3-58F58CDC6DBE}.Release|x86.Build.0 = Release|x86
		{17DA834D-74BB-407F-ABC6-534C0591EE1E}.Debug|x86.ActiveCfg = Debug|x86
		{17DA834D-74BB-407F-ABC6-534C0591EE1E}.Debug|x86.Build.0 = Debug|x86
		{17DA834D-74BB-407F-ABC6-534C0591EE1E}.Release|x86.ActiveCfg = Release|x86
		{17DA834D-74BB-407F-ABC6-534C0591EE1E}.Release|x86.Build.0 = Release|x86
		{129E648D-F346-4CDA-84F1-2DEC0117EEE0}.Debug|x86.ActiveCfg = Debug|x86
		{129E648D-F346-4CDA-84F1-2DEC0117EEE0}.Debug|x86.Build.0 = Debug|x86
		{129E648D-F346-4CDA-84F1-2DEC0117EEE0}.Release|x86.ActiveCfg = Release|x86
		{129E648D-F346-4CDA-84F1-2DEC0117EEE0}.Release|x86.Build.0 = Release|x86
		{2920E81B-77CD-48DF-ACBA-5B21A8ADDEA8}.Debug|x86.ActiveCfg = Debug|x86
		{2920E81B-77CD-48DF-ACBA-5B21A8ADDEA8}.Debug|x86.Build.0 = Debug|x86
		{2920E81B-77CD-48DF-ACBA-5B21A8ADDEA8}.Release|x86.ActiveCfg = Release|x86
		{2920E81B-77CD-48DF-ACBA-5B21A8ADDEA8}.Release|x86.Build.0 = Release|x86
		{690E9AF7-CB41-4782-86DA-0B651BE82163}.Debug|x86.ActiveCfg = Debug|x86
		{690E9AF7-CB41-4782-86DA-0B651BE82163}.Debug|x86.Build.0 = Debug|x86
		{690E9AF7-CB41-4782-86DA-0B651BE82163}.Release|x86.ActiveCfg = Release|x86
		{690E9AF7-CB41-4782-86DA-0B651BE82163}.Release|x86.Build.0 = Release|x86
		{C7A610FE-C5C4-4123-BA0A-E5A03459727B}.Debug|x86.ActiveCfg = Debug|x86
		{C7A610FE-C5C4-4123-BA0A-E5A03459727B}.Debug|x86.Build.0 = Debug|x86
		{C7A610FE-C5C4-4123-BA0A-E5A03459727B}.Release|x86.ActiveCfg = Release|x86
		{C7A610FE-C5C4-4123-BA0A-E5A03459727B}.Release|x86.Build.0 = Release|x86
		{F6F9F1A8-9F5A-44C1-8B6D-30313E450589}.Debug|x86.ActiveCfg = Debug|x86
		{F6F9F1A8-9F5A-44C1-8B6D-30313E450589}.Debug|x86.Build.0 = Debug|x86
		{F6F9F1A8-9F5A-44C1-8B6D-30313E450589}.Release|x86.ActiveCfg = Release|x86
		{F6F9F1A8-9F5A-44C1-8B6D-30313E450589}.Release|x86.Build.0 = Release|x86
		{13296339-23E3-4432-ADEE-E8F556F07F63}.Debug|x86.ActiveCfg = Debug|x86
		{13296339-23E3-4432-ADEE-E8F556F07F63}.Debug|x86.Build.0 = Debug|x86
		{13296339-23E3-4432-ADEE-E8F556F07F63}.Release|x86.ActiveCfg = Release|x86
		{13296339-23E3-4432-ADEE-E8F556F07F63}.Release|x86.Build.0 = Release|x86
		{05C7EEFA-C93F-459A-9F3C-F4435FF9F03B}.Debug|x86.ActiveCfg = Debug|x86
		{05C7EEFA-C93F-459A-9F3C-F4435FF9F03B}.Debug|x86.Build.0 = Debug|x86
		{05C7EEFA-C93F-459A-9F3C-F4435FF9F03B}.Release|x86.ActiveCfg = Release|x86
		{05C7EEFA-C93F-459A-9F3C-F4435FF9F03B}.Release|x86.Build.0 = Release|x86
		{89071941-AAA1-4499-A020-AFF05D756FED}.Debug|x86.ActiveCfg = Debug|x86
		{89071941-AAA1-4499-A020-AFF05D756FED}.Debug|x86.Build.0 = Debug|x86
		{89071941-AAA1-4499-A020-AFF05D756FED}.Release|x86.ActiveCfg = Release|x86
		{89071941-AAA1-4499-A020-AFF05D756FED}.Release|x86.Build.0 = Release|x86
		{B3DB38DB-13E2-44E5-BADE-03E5EF6050FA}.Debug|x86.ActiveCfg = Debug|x86
		{B3DB38DB-13E2-44E5-BADE-03E5EF6050FA}.Debug|x86.Build.0 = Debug|x86
		{B3DB38DB-13E2-44E5-BADE-03E5EF6050FA}.Release|x86.ActiveCfg = Release|x86
		{B3DB38DB-13E2-44E5-BADE-03E5EF6050FA}.Release|x86.Build.0 = Release|x86
		{AACA5E78-D5AC-454D-A79B-A15FF1FB2B02}.Debug|x86.ActiveCfg = Debug|x86
		{AACA5E78-D5AC-454D-A79B-A15FF1FB2B02}.Debug|x86.Build.0 = Debug|x86
		{AACA5E78-D5AC-454D-A79B-A15FF1FB2B02}.Release|x86.ActiveCfg = Release|x86
		{AACA5E78-D5AC-454D-A79B-A15FF1FB2B02}.Release|x86.Build.0 = Release|x86
		{B66434A3-DE84-457D-836A-F38C7902D151}.Debug|x86.ActiveCfg = Debug|x86
		{B66434A3-DE84-457D-836A-F38C7902D151}.Debug|x86.Build.0 = Debug|x86
		{B66434A3-DE84-457D-836A-F38C7902D151}.Release|x86.ActiveCfg = Release|x86
		{B66434A3-DE84-457D-836A-F38C7902D151}.Release|x86.Build.0 = Release|x86
		{916D880E-0A83-4AA8-BAA0-B481894095D3}.Debug|x86.ActiveCfg = Debug|x86
		{916D880E-0A83-4AA8-BAA0-B481894095D3}.Debug|x86.Build.0 = Debug|x86
		{916D880E-0A83-4AA8-BAA0-B481894095D3}.Release|x86.ActiveCfg = Release|x86
		{916D880E-0A83-4AA8-BAA0-B481894095D3}.Release|x86.Build.0 = Release|x86
		{4B0A215F-4446-4AA8-BAA3-B398270CCEE8}.Debug|x86.ActiveCfg = Debug|x86
		{4B0A215F-4446-4AA8-BAA3-B398270CCEE8}.Debug|x86.Build.0 = Debug|x86
		{4B0A215F-4446-4AA8-BAA3-B398270CCEE8}.Release|x86.ActiveCfg = Release|x86
		{4B0A215F-4446-4AA8-BAA3-B398270CCEE8}.Release|x86.Build.0 = Release|x86
		{0F675FD8-EB51-4EB7-8F80-616B800E0951}.Debug|x86.ActiveCfg = Debug|x86
		{0F675FD8-EB51-4EB7-8F80-616B800E0951}.Debug|x86.Build.0 = Debug|x86
		{0F675FD8-EB51-4EB7-8F80-616B800E0951}.Release|x86.ActiveCfg = Release|x86
		{0F675FD8-EB51-4EB7-8F80-616B800E0951}.Release|x86.Build.0 = Release|x86
		{4101F7FD-E697-456C-828A-F1868A434253}.Debug|x86.ActiveCfg = Debug|x86
		{4101F7FD-E697-456C-828A-F1868A434253}.Debug|x86.Build.0 = Debug|x86
		{4101F7FD-E697-456C-828A-F1868A434253}.Release|x86.ActiveCfg = Release|x86
		{4101F7FD-E697-456C-828A-F1868A434253}.Release|x86.Build.0 = Release|x86
		{E0787007-39D9-41D0-954D-63AE1FEF2CE8}.Debug|x86.ActiveCfg = Debug|x86
		{E0787007-39D9-41D0-954D-63AE1FEF2CE8}.Debug|x86.Build.0 = Debug|x86
		{E0787007-39D9-41D0-954D-63AE1FEF2CE8}.Release|x86.ActiveCfg = Release|x86
		{E0787007-39D9-41D0-954D-63AE1FEF2CE8}.Release|x86.Build.0 = Release|x86
		{B3B73C7F-1CE7-4770-9AAB-23F123EF5109}.Debug|x86.ActiveCfg = Debug|x86
		{B3B73C7F-1CE7-4770-9AAB-23F123EF5109}.Debug|x86.Build.0 = Debug|x86
		{B3B73C7F-1CE7-4770-9AAB-23F123EF5109}.Release|x86.ActiveCfg = Release|x86
		{B3B73C7F-1CE7-4770-9AAB-23F123EF5109}.Release|x86.Build.0 = Release|x86
		{FB1665B3-52BD-471C-BA69-C3F9BA5072BE}.Debug|x86.ActiveCfg = Debug|x86
		{FB1665B3-52BD-471C-BA69-C3F9BA5072BE}.Debug|x86.Build.0 = Debug|x86
		{FB1665B3-52BD-471C-BA69-C3F9BA5072BE}.Release|x86.ActiveCfg = Release|x86
		{FB1665B3-52BD-471C-BA69-C3F9BA5072BE}.Release|x86.Build.0 = Release|x86
		{C81C94D4-4B16-4EE9-946D-05FB5B15645A}.Debug|x86.ActiveCfg = Debug|x86
		{C81C94D4-4B16-4EE9-946D-05FB5B15645A}.Debug|x86.Build.0 = Debug|x86
		{C81C94D4-4B16-4EE9-946D-05FB5B15645A}.Release|x86.ActiveCfg = Release|x86
		{C81C94D4-4B16-4EE9-946D-05FB5B15645A}.Release|x86.Build.0 = Release|x86
	EndGlobalSection
	GlobalSection(SolutionProperties) = preSolution
		HideSolutionNode = FALSE
	EndGlobalSection
	GlobalSection(NestedProjects) = preSolution
		{307D9F65-0C6F-43F8-B532-6845F3FCEB67} = {30BFFABD-94D4-4E5C-A4EC-2172D79D2D6F}
		{03239395-1F6C-4A15-A195-88BDA6C4ABCB} = {30BFFABD-94D4-4E5C-A4EC-2172D79D2D6F}
		{275F9EDC-C1C8-446A-8463-0D725BE1D63D} = {30BFFABD-94D4-4E5C-A4EC-2172D79D2D6F}
		{D4E08655-2822-4DB7-8520-A9ADEC55A24C} = {30BFFABD-94D4-4E5C-A4EC-2172D79D2D6F}
		{D1970F51-618B-4576-A7B3-58F58CDC6DBE} = {30BFFABD-94D4-4E5C-A4EC-2172D79D2D6F}
		{17DA834D-74BB-407F-ABC6-534C0591EE1E} = {30BFFABD-94D4-4E5C-A4EC-2172D79D2D6F}
		{129E648D-F346-4CDA-84F1-2DEC0117EEE0} = {30BFFABD-94D4-4E5C-A4EC-2172D79D2D6F}
		{2920E81B-77CD-48DF-ACBA-5B21A8ADDEA8} = {30BFFABD-94D4-4E5C-A4EC-2172D79D2D6F}
		{690E9AF7-CB41-4782-86DA-0B651BE82163} = {30BFFABD-94D4-4E5C-A4EC-2172D79D2D6F}
		{C7A610FE-C5C4-4123-BA0A-E5A03459727B} = {30BFFABD-94D4-4E5C-A4EC-2172D79D2D6F}
		{F6F9F1A8-9F5A-44C1-8B6D-30313E450589} = {30BFFABD-94D4-4E5C-A4EC-2172D79D2D6F}
		{13296339-23E3-4432-ADEE-E8F556F07F63} = {30BFFABD-94D4-4E5C-A4EC-2172D79D2D6F}
		{05C7EEFA-C93F-459A-9F3C-F4435FF9F03B} = {30BFFABD-94D4-4E5C-A4EC-2172D79D2D6F}
		{89071941-AAA1-4499-A020-AFF05D756FED} = {30BFFABD-94D4-4E5C-A4EC-2172D79D2D6F}
		{B3DB38DB-13E2-44E5-BADE-03E5EF6050FA} = {30BFFABD-94D4-4E5C-A4EC-2172D79D2D6F}
		{AACA5E78-D5AC-454D-A79B-A15FF1FB2B02} = {30BFFABD-94D4-4E5C-A4EC-2172D79D2D6F}
		{B66434A3-DE84-457D-836A-F38C7902D151} = {30BFFABD-94D4-4E5C-A4EC-2172D79D2D6F}
		{916D880E-0A83-4AA8-BAA0-B481894095D3} = {30BFFABD-94D4-4E5C-A4EC-2172D79D2D6F}
		{4B0A215F-4446-4AA8-BAA3-B398270CCEE8} = {30BFFABD-94D4-4E5C-A4EC-2172D79D2D6F}
		{0F675FD8-EB51-4EB7-8F80-616B800E0951} = {30BFFABD-94D4-4E5C-A4EC-2172D79D2D6F}
		{F7583E3D-8B88-4788-97F8-15A627A6E813} = {30BFFABD-94D4-4E5C-A4EC-2172D79D2D6F}
		{FB1665B3-52BD-471C-BA69-C3F9BA5072BE} = {30BFFABD-94D4-4E5C-A4EC-2172D79D2D6F}
		{C81C94D4-4B16-4EE9-946D-05FB5B15645A} = {30BFFABD-94D4-4E5C-A4EC-2172D79D2D6F}
		{4101F7FD-E697-456C-828A-F1868A434253} = {EB0092C6-2589-4D98-97F3-4F9B0F7E372A}
		{E0787007-39D9-41D0-954D-63AE1FEF2CE8} = {EB0092C6-2589-4D98-97F3-4F9B0F7E372A}
		{B3B73C7F-1CE7-4770-9AAB-23F123EF5109} = {EB0092C6-2589-4D98-97F3-4F9B0F7E372A}
	EndGlobalSection
EndGlobal
