
Microsoft Visual Studio Solution File, Format Version 11.00
# Visual Studio 2010
Project("{FAE04EC0-301F-11D3-BF4B-00C04F79EFBC}") = "Listing_01", "Listing_01\Listing_01.csproj", "{9785E4F8-C372-4D19-8BFB-A4C90FC1566C}"
EndProject
Project("{2150E333-8FDC-42A3-9474-1A3956D46DE8}") = "Code Listings", "Code Listings", "{BF0A34E9-3E42-481B-9D08-13361A35D4B7}"
EndProject
Project("{FAE04EC0-301F-11D3-BF4B-00C04F79EFBC}") = "Listing_02", "Listing_02\Listing_02.csproj", "{FE36A64D-56FB-48C4-B464-A030A0A39AD8}"
EndProject
Project("{FAE04EC0-301F-11D3-BF4B-00C04F79EFBC}") = "Listing_03", "Listing_03\Listing_03.csproj", "{71483940-7E0D-4B6E-A278-AE0204D8E580}"
EndProject
Project("{FAE04EC0-301F-11D3-BF4B-00C04F79EFBC}") = "Listing_04", "Listing_04\Listing_04.csproj", "{3C0D2C09-4EDB-4E57-A032-90B16D8B155A}"
EndProject
Project("{FAE04EC0-301F-11D3-BF4B-00C04F79EFBC}") = "Listing_05", "Listing_05\Listing_05.csproj", "{BC4C4064-27DD-4C4A-B987-472D49DCC1FF}"
EndProject
Project("{FAE04EC0-301F-11D3-BF4B-00C04F79EFBC}") = "Listing_06", "Listing_06\Listing_06.csproj", "{2550FCC7-507F-4571-A723-B56F5EF5D4F1}"
EndProject
Project("{FAE04EC0-301F-11D3-BF4B-00C04F79EFBC}") = "Listing_07", "Listing_07\Listing_07.csproj", "{4DFC3707-853C-4409-BE28-5A1EFF53D3DC}"
EndProject
Project("{FAE04EC0-301F-11D3-BF4B-00C04F79EFBC}") = "Listing_08", "Listing_08\Listing_08.csproj", "{ADF35C4B-80C0-49F7-BE99-4C2776CEA3B2}"
EndProject
Project("{FAE04EC0-301F-11D3-BF4B-00C04F79EFBC}") = "Listing_09", "Listing_09\Listing_09.csproj", "{6359E47A-85F6-44A0-B2EF-D55CCE555A25}"
EndProject
Project("{FAE04EC0-301F-11D3-BF4B-00C04F79EFBC}") = "Listing_10", "Listing_10\Listing_10.csproj", "{7A98D61C-AFD8-4A25-A4B3-F907BD43994F}"
EndProject
Project("{FAE04EC0-301F-11D3-BF4B-00C04F79EFBC}") = "Listing_11", "Listing_11\Listing_11.csproj", "{C4B28564-368D-4C6A-9617-9FE0AB67454B}"
EndProject
Project("{FAE04EC0-301F-11D3-BF4B-00C04F79EFBC}") = "Listing_12", "Listing_12\Listing_12.csproj", "{8D999119-0C6B-4BAD-B3CE-04AFEFFF92E0}"
EndProject
Project("{FAE04EC0-301F-11D3-BF4B-00C04F79EFBC}") = "Listing_13", "Listing_13\Listing_13.csproj", "{E78DA600-63E4-481C-B921-2A833F9399D6}"
EndProject
Project("{FAE04EC0-301F-11D3-BF4B-00C04F79EFBC}") = "Listing_14", "Listing_14\Listing_14.csproj", "{143A8F9C-0043-40E7-9416-D724FD239AA6}"
EndProject
Project("{FAE04EC0-301F-11D3-BF4B-00C04F79EFBC}") = "Listing_15", "Listing_15\Listing_15.csproj", "{448BB0BC-4D9E-41B0-8187-1DCF8C782D89}"
EndProject
Project("{FAE04EC0-301F-11D3-BF4B-00C04F79EFBC}") = "Listing_16", "Listing_16\Listing_16.csproj", "{887D2259-4104-47AF-8B87-4D459FE9CB7D}"
EndProject
Project("{FAE04EC0-301F-11D3-BF4B-00C04F79EFBC}") = "Listing_19", "Listing_19\Listing_19.csproj", "{3CEF1085-744A-4C25-9E5C-CB70DCBC3D4C}"
EndProject
Project("{FAE04EC0-301F-11D3-BF4B-00C04F79EFBC}") = "Listing_17-18", "Listing_17_18\Listing_17-18.csproj", "{472E7FFA-8F82-4B5A-B85F-1EE145ACEB37}"
EndProject
Project("{FAE04EC0-301F-11D3-BF4B-00C04F79EFBC}") = "Listing_20", "Listing_20\Listing_20.csproj", "{96CA86B2-5EBA-490C-853F-B5DE2C0FFE1E}"
EndProject
Project("{2150E333-8FDC-42A3-9474-1A3956D46DE8}") = "Common Problems", "Common Problems", "{F7297E4B-2A29-4955-9FD1-A5CC3FCBA35F}"
EndProject
Project("{FAE04EC0-301F-11D3-BF4B-00C04F79EFBC}") = "Creating_Race_Conditions", "Creating_Race_Conditions\Creating_Race_Conditions.csproj", "{BB4DC73E-0F34-4ECC-972E-57879FB91FE9}"
EndProject
Project("{FAE04EC0-301F-11D3-BF4B-00C04F79EFBC}") = "Confusing_Ordering", "Confusing_Ordering\Confusing_Ordering.csproj", "{44ABFF2D-4334-412F-AF9E-8727ACE8F5FE}"
EndProject
Project("{FAE04EC0-301F-11D3-BF4B-00C04F79EFBC}") = "Sequential_Filtering", "Sequential_Filtering\Sequential_Filtering.csproj", "{185B95AC-9C75-4320-B306-5B2B88470CD3}"
EndProject
Global
	GlobalSection(SolutionConfigurationPlatforms) = preSolution
		Debug|x86 = Debug|x86
		Release|x86 = Release|x86
	EndGlobalSection
	GlobalSection(ProjectConfigurationPlatforms) = postSolution
		{9785E4F8-C372-4D19-8BFB-A4C90FC1566C}.Debug|x86.ActiveCfg = Debug|x86
		{9785E4F8-C372-4D19-8BFB-A4C90FC1566C}.Debug|x86.Build.0 = Debug|x86
		{9785E4F8-C372-4D19-8BFB-A4C90FC1566C}.Release|x86.ActiveCfg = Release|x86
		{9785E4F8-C372-4D19-8BFB-A4C90FC1566C}.Release|x86.Build.0 = Release|x86
		{FE36A64D-56FB-48C4-B464-A030A0A39AD8}.Debug|x86.ActiveCfg = Debug|x86
		{FE36A64D-56FB-48C4-B464-A030A0A39AD8}.Debug|x86.Build.0 = Debug|x86
		{FE36A64D-56FB-48C4-B464-A030A0A39AD8}.Release|x86.ActiveCfg = Release|x86
		{FE36A64D-56FB-48C4-B464-A030A0A39AD8}.Release|x86.Build.0 = Release|x86
		{71483940-7E0D-4B6E-A278-AE0204D8E580}.Debug|x86.ActiveCfg = Debug|x86
		{71483940-7E0D-4B6E-A278-AE0204D8E580}.Debug|x86.Build.0 = Debug|x86
		{71483940-7E0D-4B6E-A278-AE0204D8E580}.Release|x86.ActiveCfg = Release|x86
		{71483940-7E0D-4B6E-A278-AE0204D8E580}.Release|x86.Build.0 = Release|x86
		{3C0D2C09-4EDB-4E57-A032-90B16D8B155A}.Debug|x86.ActiveCfg = Debug|x86
		{3C0D2C09-4EDB-4E57-A032-90B16D8B155A}.Debug|x86.Build.0 = Debug|x86
		{3C0D2C09-4EDB-4E57-A032-90B16D8B155A}.Release|x86.ActiveCfg = Release|x86
		{3C0D2C09-4EDB-4E57-A032-90B16D8B155A}.Release|x86.Build.0 = Release|x86
		{BC4C4064-27DD-4C4A-B987-472D49DCC1FF}.Debug|x86.ActiveCfg = Debug|x86
		{BC4C4064-27DD-4C4A-B987-472D49DCC1FF}.Debug|x86.Build.0 = Debug|x86
		{BC4C4064-27DD-4C4A-B987-472D49DCC1FF}.Release|x86.ActiveCfg = Release|x86
		{BC4C4064-27DD-4C4A-B987-472D49DCC1FF}.Release|x86.Build.0 = Release|x86
		{2550FCC7-507F-4571-A723-B56F5EF5D4F1}.Debug|x86.ActiveCfg = Debug|x86
		{2550FCC7-507F-4571-A723-B56F5EF5D4F1}.Debug|x86.Build.0 = Debug|x86
		{2550FCC7-507F-4571-A723-B56F5EF5D4F1}.Release|x86.ActiveCfg = Release|x86
		{2550FCC7-507F-4571-A723-B56F5EF5D4F1}.Release|x86.Build.0 = Release|x86
		{4DFC3707-853C-4409-BE28-5A1EFF53D3DC}.Debug|x86.ActiveCfg = Debug|x86
		{4DFC3707-853C-4409-BE28-5A1EFF53D3DC}.Debug|x86.Build.0 = Debug|x86
		{4DFC3707-853C-4409-BE28-5A1EFF53D3DC}.Release|x86.ActiveCfg = Release|x86
		{4DFC3707-853C-4409-BE28-5A1EFF53D3DC}.Release|x86.Build.0 = Release|x86
		{ADF35C4B-80C0-49F7-BE99-4C2776CEA3B2}.Debug|x86.ActiveCfg = Debug|x86
		{ADF35C4B-80C0-49F7-BE99-4C2776CEA3B2}.Debug|x86.Build.0 = Debug|x86
		{ADF35C4B-80C0-49F7-BE99-4C2776CEA3B2}.Release|x86.ActiveCfg = Release|x86
		{ADF35C4B-80C0-49F7-BE99-4C2776CEA3B2}.Release|x86.Build.0 = Release|x86
		{6359E47A-85F6-44A0-B2EF-D55CCE555A25}.Debug|x86.ActiveCfg = Debug|x86
		{6359E47A-85F6-44A0-B2EF-D55CCE555A25}.Debug|x86.Build.0 = Debug|x86
		{6359E47A-85F6-44A0-B2EF-D55CCE555A25}.Release|x86.ActiveCfg = Release|x86
		{6359E47A-85F6-44A0-B2EF-D55CCE555A25}.Release|x86.Build.0 = Release|x86
		{7A98D61C-AFD8-4A25-A4B3-F907BD43994F}.Debug|x86.ActiveCfg = Debug|x86
		{7A98D61C-AFD8-4A25-A4B3-F907BD43994F}.Debug|x86.Build.0 = Debug|x86
		{7A98D61C-AFD8-4A25-A4B3-F907BD43994F}.Release|x86.ActiveCfg = Release|x86
		{7A98D61C-AFD8-4A25-A4B3-F907BD43994F}.Release|x86.Build.0 = Release|x86
		{C4B28564-368D-4C6A-9617-9FE0AB67454B}.Debug|x86.ActiveCfg = Debug|x86
		{C4B28564-368D-4C6A-9617-9FE0AB67454B}.Debug|x86.Build.0 = Debug|x86
		{C4B28564-368D-4C6A-9617-9FE0AB67454B}.Release|x86.ActiveCfg = Release|x86
		{C4B28564-368D-4C6A-9617-9FE0AB67454B}.Release|x86.Build.0 = Release|x86
		{8D999119-0C6B-4BAD-B3CE-04AFEFFF92E0}.Debug|x86.ActiveCfg = Debug|x86
		{8D999119-0C6B-4BAD-B3CE-04AFEFFF92E0}.Debug|x86.Build.0 = Debug|x86
		{8D999119-0C6B-4BAD-B3CE-04AFEFFF92E0}.Release|x86.ActiveCfg = Release|x86
		{8D999119-0C6B-4BAD-B3CE-04AFEFFF92E0}.Release|x86.Build.0 = Release|x86
		{E78DA600-63E4-481C-B921-2A833F9399D6}.Debug|x86.ActiveCfg = Debug|x86
		{E78DA600-63E4-481C-B921-2A833F9399D6}.Debug|x86.Build.0 = Debug|x86
		{E78DA600-63E4-481C-B921-2A833F9399D6}.Release|x86.ActiveCfg = Release|x86
		{E78DA600-63E4-481C-B921-2A833F9399D6}.Release|x86.Build.0 = Release|x86
		{143A8F9C-0043-40E7-9416-D724FD239AA6}.Debug|x86.ActiveCfg = Debug|x86
		{143A8F9C-0043-40E7-9416-D724FD239AA6}.Debug|x86.Build.0 = Debug|x86
		{143A8F9C-0043-40E7-9416-D724FD239AA6}.Release|x86.ActiveCfg = Release|x86
		{143A8F9C-0043-40E7-9416-D724FD239AA6}.Release|x86.Build.0 = Release|x86
		{448BB0BC-4D9E-41B0-8187-1DCF8C782D89}.Debug|x86.ActiveCfg = Debug|x86
		{448BB0BC-4D9E-41B0-8187-1DCF8C782D89}.Debug|x86.Build.0 = Debug|x86
		{448BB0BC-4D9E-41B0-8187-1DCF8C782D89}.Release|x86.ActiveCfg = Release|x86
		{448BB0BC-4D9E-41B0-8187-1DCF8C782D89}.Release|x86.Build.0 = Release|x86
		{887D2259-4104-47AF-8B87-4D459FE9CB7D}.Debug|x86.ActiveCfg = Debug|x86
		{887D2259-4104-47AF-8B87-4D459FE9CB7D}.Debug|x86.Build.0 = Debug|x86
		{887D2259-4104-47AF-8B87-4D459FE9CB7D}.Release|x86.ActiveCfg = Release|x86
		{887D2259-4104-47AF-8B87-4D459FE9CB7D}.Release|x86.Build.0 = Release|x86
		{3CEF1085-744A-4C25-9E5C-CB70DCBC3D4C}.Debug|x86.ActiveCfg = Debug|x86
		{3CEF1085-744A-4C25-9E5C-CB70DCBC3D4C}.Debug|x86.Build.0 = Debug|x86
		{3CEF1085-744A-4C25-9E5C-CB70DCBC3D4C}.Release|x86.ActiveCfg = Release|x86
		{3CEF1085-744A-4C25-9E5C-CB70DCBC3D4C}.Release|x86.Build.0 = Release|x86
		{472E7FFA-8F82-4B5A-B85F-1EE145ACEB37}.Debug|x86.ActiveCfg = Debug|x86
		{472E7FFA-8F82-4B5A-B85F-1EE145ACEB37}.Debug|x86.Build.0 = Debug|x86
		{472E7FFA-8F82-4B5A-B85F-1EE145ACEB37}.Release|x86.ActiveCfg = Release|x86
		{472E7FFA-8F82-4B5A-B85F-1EE145ACEB37}.Release|x86.Build.0 = Release|x86
		{96CA86B2-5EBA-490C-853F-B5DE2C0FFE1E}.Debug|x86.ActiveCfg = Debug|x86
		{96CA86B2-5EBA-490C-853F-B5DE2C0FFE1E}.Debug|x86.Build.0 = Debug|x86
		{96CA86B2-5EBA-490C-853F-B5DE2C0FFE1E}.Release|x86.ActiveCfg = Release|x86
		{96CA86B2-5EBA-490C-853F-B5DE2C0FFE1E}.Release|x86.Build.0 = Release|x86
		{BB4DC73E-0F34-4ECC-972E-57879FB91FE9}.Debug|x86.ActiveCfg = Debug|x86
		{BB4DC73E-0F34-4ECC-972E-57879FB91FE9}.Debug|x86.Build.0 = Debug|x86
		{BB4DC73E-0F34-4ECC-972E-57879FB91FE9}.Release|x86.ActiveCfg = Release|x86
		{BB4DC73E-0F34-4ECC-972E-57879FB91FE9}.Release|x86.Build.0 = Release|x86
		{44ABFF2D-4334-412F-AF9E-8727ACE8F5FE}.Debug|x86.ActiveCfg = Debug|x86
		{44ABFF2D-4334-412F-AF9E-8727ACE8F5FE}.Debug|x86.Build.0 = Debug|x86
		{44ABFF2D-4334-412F-AF9E-8727ACE8F5FE}.Release|x86.ActiveCfg = Release|x86
		{44ABFF2D-4334-412F-AF9E-8727ACE8F5FE}.Release|x86.Build.0 = Release|x86
		{185B95AC-9C75-4320-B306-5B2B88470CD3}.Debug|x86.ActiveCfg = Debug|x86
		{185B95AC-9C75-4320-B306-5B2B88470CD3}.Debug|x86.Build.0 = Debug|x86
		{185B95AC-9C75-4320-B306-5B2B88470CD3}.Release|x86.ActiveCfg = Release|x86
		{185B95AC-9C75-4320-B306-5B2B88470CD3}.Release|x86.Build.0 = Release|x86
	EndGlobalSection
	GlobalSection(SolutionProperties) = preSolution
		HideSolutionNode = FALSE
	EndGlobalSection
	GlobalSection(NestedProjects) = preSolution
		{9785E4F8-C372-4D19-8BFB-A4C90FC1566C} = {BF0A34E9-3E42-481B-9D08-13361A35D4B7}
		{FE36A64D-56FB-48C4-B464-A030A0A39AD8} = {BF0A34E9-3E42-481B-9D08-13361A35D4B7}
		{71483940-7E0D-4B6E-A278-AE0204D8E580} = {BF0A34E9-3E42-481B-9D08-13361A35D4B7}
		{3C0D2C09-4EDB-4E57-A032-90B16D8B155A} = {BF0A34E9-3E42-481B-9D08-13361A35D4B7}
		{BC4C4064-27DD-4C4A-B987-472D49DCC1FF} = {BF0A34E9-3E42-481B-9D08-13361A35D4B7}
		{2550FCC7-507F-4571-A723-B56F5EF5D4F1} = {BF0A34E9-3E42-481B-9D08-13361A35D4B7}
		{4DFC3707-853C-4409-BE28-5A1EFF53D3DC} = {BF0A34E9-3E42-481B-9D08-13361A35D4B7}
		{ADF35C4B-80C0-49F7-BE99-4C2776CEA3B2} = {BF0A34E9-3E42-481B-9D08-13361A35D4B7}
		{6359E47A-85F6-44A0-B2EF-D55CCE555A25} = {BF0A34E9-3E42-481B-9D08-13361A35D4B7}
		{7A98D61C-AFD8-4A25-A4B3-F907BD43994F} = {BF0A34E9-3E42-481B-9D08-13361A35D4B7}
		{C4B28564-368D-4C6A-9617-9FE0AB67454B} = {BF0A34E9-3E42-481B-9D08-13361A35D4B7}
		{8D999119-0C6B-4BAD-B3CE-04AFEFFF92E0} = {BF0A34E9-3E42-481B-9D08-13361A35D4B7}
		{E78DA600-63E4-481C-B921-2A833F9399D6} = {BF0A34E9-3E42-481B-9D08-13361A35D4B7}
		{143A8F9C-0043-40E7-9416-D724FD239AA6} = {BF0A34E9-3E42-481B-9D08-13361A35D4B7}
		{448BB0BC-4D9E-41B0-8187-1DCF8C782D89} = {BF0A34E9-3E42-481B-9D08-13361A35D4B7}
		{887D2259-4104-47AF-8B87-4D459FE9CB7D} = {BF0A34E9-3E42-481B-9D08-13361A35D4B7}
		{3CEF1085-744A-4C25-9E5C-CB70DCBC3D4C} = {BF0A34E9-3E42-481B-9D08-13361A35D4B7}
		{472E7FFA-8F82-4B5A-B85F-1EE145ACEB37} = {BF0A34E9-3E42-481B-9D08-13361A35D4B7}
		{96CA86B2-5EBA-490C-853F-B5DE2C0FFE1E} = {BF0A34E9-3E42-481B-9D08-13361A35D4B7}
		{BB4DC73E-0F34-4ECC-972E-57879FB91FE9} = {F7297E4B-2A29-4955-9FD1-A5CC3FCBA35F}
		{44ABFF2D-4334-412F-AF9E-8727ACE8F5FE} = {F7297E4B-2A29-4955-9FD1-A5CC3FCBA35F}
		{185B95AC-9C75-4320-B306-5B2B88470CD3} = {F7297E4B-2A29-4955-9FD1-A5CC3FCBA35F}
	EndGlobalSection
EndGlobal
