
Microsoft Visual Studio Solution File, Format Version 11.00
# Visual Studio 2010
Project("{FAE04EC0-301F-11D3-BF4B-00C04F79EFBC}") = "Listing_01", "Listing_01\Listing_01.csproj", "{72D34C1E-4D1C-4CDC-B203-22A3DFC612A0}"
EndProject
Project("{FAE04EC0-301F-11D3-BF4B-00C04F79EFBC}") = "Listing_02", "Listing_02\Listing_02.csproj", "{9E4B2E8D-4CCD-4417-9E7B-DB7C8D0E89D6}"
EndProject
Project("{FAE04EC0-301F-11D3-BF4B-00C04F79EFBC}") = "Listing_03", "Listing_03\Listing_03.csproj", "{7CC35207-420F-4A6B-B562-83CC44D61719}"
EndProject
Project("{FAE04EC0-301F-11D3-BF4B-00C04F79EFBC}") = "Listing_04", "Listing_04\Listing_04.csproj", "{5F6CCF59-3424-4AC3-9EDA-DA4F0916C9CF}"
EndProject
Project("{FAE04EC0-301F-11D3-BF4B-00C04F79EFBC}") = "Listing_05", "Listing_05\Listing_05.csproj", "{C1A61536-E654-4CEC-A024-624B81EF7285}"
EndProject
Project("{FAE04EC0-301F-11D3-BF4B-00C04F79EFBC}") = "Listing_06", "Listing_06\Listing_06.csproj", "{CD517E40-10A4-4359-AAC3-0BF969555ACC}"
EndProject
Project("{FAE04EC0-301F-11D3-BF4B-00C04F79EFBC}") = "Listing_07", "Listing_07\Listing_07.csproj", "{2324AAB5-6976-4A8E-A3AB-C55D3DB478B0}"
EndProject
Project("{FAE04EC0-301F-11D3-BF4B-00C04F79EFBC}") = "Listing_08", "Listing_08\Listing_08.csproj", "{9259F8F1-4E39-4992-B247-70336CFF31F7}"
EndProject
Project("{FAE04EC0-301F-11D3-BF4B-00C04F79EFBC}") = "Listing_09", "Listing_09\Listing_09.csproj", "{FAEC692A-E66A-464F-A1EF-8A7FA8DBCC4B}"
EndProject
Project("{FAE04EC0-301F-11D3-BF4B-00C04F79EFBC}") = "Listing_10", "Listing_10\Listing_10.csproj", "{9E59EB29-E6B7-4527-B0B3-0C8AFAA10348}"
EndProject
Project("{FAE04EC0-301F-11D3-BF4B-00C04F79EFBC}") = "Listing_11", "Listing_11\Listing_11.csproj", "{AD88AE75-C7E4-422E-B64C-7AE90811ECFF}"
EndProject
Project("{FAE04EC0-301F-11D3-BF4B-00C04F79EFBC}") = "Listing_12", "Listing_12\Listing_12.csproj", "{044387A5-3380-4351-BE82-D5CA38236189}"
EndProject
Project("{FAE04EC0-301F-11D3-BF4B-00C04F79EFBC}") = "Listing_13", "Listing_13\Listing_13.csproj", "{EDB5B982-B370-47C1-B21E-BBB5255059D9}"
EndProject
Project("{FAE04EC0-301F-11D3-BF4B-00C04F79EFBC}") = "Listing_14", "Listing_14\Listing_14.csproj", "{1B22F175-C185-4EF6-8310-B2B793F4C957}"
EndProject
Project("{FAE04EC0-301F-11D3-BF4B-00C04F79EFBC}") = "Listing_15", "Listing_15\Listing_15.csproj", "{0D2B9F34-6E19-4A63-B5A1-CB375F424828}"
EndProject
Project("{FAE04EC0-301F-11D3-BF4B-00C04F79EFBC}") = "Listing_16", "Listing_16\Listing_16.csproj", "{065D1AE2-6970-4A3B-9447-74C935231FFA}"
EndProject
Project("{FAE04EC0-301F-11D3-BF4B-00C04F79EFBC}") = "Listing_17", "Listing_17\Listing_17.csproj", "{5E48E8A8-69D3-47D7-A555-850ABB2C0654}"
EndProject
Project("{FAE04EC0-301F-11D3-BF4B-00C04F79EFBC}") = "Listing_18", "Listing_18\Listing_18.csproj", "{FA5143E1-5012-4FFC-92B9-89FD232B44EC}"
EndProject
Project("{FAE04EC0-301F-11D3-BF4B-00C04F79EFBC}") = "Listing_19", "Listing_19\Listing_19.csproj", "{4EF06AE7-EE16-4B84-A676-9132200B27D3}"
EndProject
Project("{FAE04EC0-301F-11D3-BF4B-00C04F79EFBC}") = "Listing_20", "Listing_20\Listing_20.csproj", "{6BF0B1A8-A528-48BD-AA11-13B336C9FB9B}"
EndProject
Project("{FAE04EC0-301F-11D3-BF4B-00C04F79EFBC}") = "Listing_21", "Listing_21\Listing_21.csproj", "{7915880B-DA03-41DF-863D-BED67030A47A}"
EndProject
Project("{FAE04EC0-301F-11D3-BF4B-00C04F79EFBC}") = "Listing_22", "Listing_22\Listing_22.csproj", "{D73A2700-5536-482B-A0BE-CE07C3C537C2}"
EndProject
Project("{2150E333-8FDC-42A3-9474-1A3956D46DE8}") = "Code Listings", "Code Listings", "{450F614E-7E5D-4F5E-908D-0F3031A04631}"
EndProject
Project("{2150E333-8FDC-42A3-9474-1A3956D46DE8}") = "Common Problems", "Common Problems", "{751E746F-6CC8-413E-8106-F14CAE24FBA0}"
EndProject
Project("{FAE04EC0-301F-11D3-BF4B-00C04F79EFBC}") = "Inconsistent_Cancellation", "Inconsistent_Cancellation\Inconsistent_Cancellation.csproj", "{9EE3FAD7-9302-4C9F-9D61-EE6303E7E06C}"
EndProject
Project("{FAE04EC0-301F-11D3-BF4B-00C04F79EFBC}") = "Assuming_WaitAny_Status", "Assuming_WaitAny_Status\Assuming_WaitAny_Status.csproj", "{065B7FC4-5616-4B48-ADCC-0CBA26D58044}"
EndProject
Project("{FAE04EC0-301F-11D3-BF4B-00C04F79EFBC}") = "Trying_To_Take_Concurrently", "Trying_To_Take_Concurrently\Trying_To_Take_Concurrently.csproj", "{2FA60314-33E9-45BF-BBB5-1683EB0E9143}"
EndProject
Project("{FAE04EC0-301F-11D3-BF4B-00C04F79EFBC}") = "Reusing_Objects_in_Producers", "Reusing_Objects_in_Producers\Reusing_Objects_in_Producers.csproj", "{D804DF55-4F63-41D0-9A3C-E6371DE9E946}"
EndProject
Project("{FAE04EC0-301F-11D3-BF4B-00C04F79EFBC}") = "Using_BlockingCollection_as_IEnum", "Using_BlockingCollection_as_IEnum\Using_BlockingCollection_as_IEnum.csproj", "{1BBC7E4C-BC0F-4C2E-B177-71A7F68E9A61}"
EndProject
Project("{FAE04EC0-301F-11D3-BF4B-00C04F79EFBC}") = "Deadlocked_Task_Scheduler", "Deadlocked_Task_Scheduler\Deadlocked_Task_Scheduler.csproj", "{75DD3732-1829-4A13-926B-A3226C6FF417}"
EndProject
Global
	GlobalSection(SolutionConfigurationPlatforms) = preSolution
		Debug|x86 = Debug|x86
		Release|x86 = Release|x86
	EndGlobalSection
	GlobalSection(ProjectConfigurationPlatforms) = postSolution
		{72D34C1E-4D1C-4CDC-B203-22A3DFC612A0}.Debug|x86.ActiveCfg = Debug|x86
		{72D34C1E-4D1C-4CDC-B203-22A3DFC612A0}.Debug|x86.Build.0 = Debug|x86
		{72D34C1E-4D1C-4CDC-B203-22A3DFC612A0}.Release|x86.ActiveCfg = Release|x86
		{72D34C1E-4D1C-4CDC-B203-22A3DFC612A0}.Release|x86.Build.0 = Release|x86
		{9E4B2E8D-4CCD-4417-9E7B-DB7C8D0E89D6}.Debug|x86.ActiveCfg = Debug|x86
		{9E4B2E8D-4CCD-4417-9E7B-DB7C8D0E89D6}.Debug|x86.Build.0 = Debug|x86
		{9E4B2E8D-4CCD-4417-9E7B-DB7C8D0E89D6}.Release|x86.ActiveCfg = Release|x86
		{9E4B2E8D-4CCD-4417-9E7B-DB7C8D0E89D6}.Release|x86.Build.0 = Release|x86
		{7CC35207-420F-4A6B-B562-83CC44D61719}.Debug|x86.ActiveCfg = Debug|x86
		{7CC35207-420F-4A6B-B562-83CC44D61719}.Debug|x86.Build.0 = Debug|x86
		{7CC35207-420F-4A6B-B562-83CC44D61719}.Release|x86.ActiveCfg = Release|x86
		{7CC35207-420F-4A6B-B562-83CC44D61719}.Release|x86.Build.0 = Release|x86
		{5F6CCF59-3424-4AC3-9EDA-DA4F0916C9CF}.Debug|x86.ActiveCfg = Debug|x86
		{5F6CCF59-3424-4AC3-9EDA-DA4F0916C9CF}.Debug|x86.Build.0 = Debug|x86
		{5F6CCF59-3424-4AC3-9EDA-DA4F0916C9CF}.Release|x86.ActiveCfg = Release|x86
		{5F6CCF59-3424-4AC3-9EDA-DA4F0916C9CF}.Release|x86.Build.0 = Release|x86
		{C1A61536-E654-4CEC-A024-624B81EF7285}.Debug|x86.ActiveCfg = Debug|x86
		{C1A61536-E654-4CEC-A024-624B81EF7285}.Debug|x86.Build.0 = Debug|x86
		{C1A61536-E654-4CEC-A024-624B81EF7285}.Release|x86.ActiveCfg = Release|x86
		{C1A61536-E654-4CEC-A024-624B81EF7285}.Release|x86.Build.0 = Release|x86
		{CD517E40-10A4-4359-AAC3-0BF969555ACC}.Debug|x86.ActiveCfg = Debug|x86
		{CD517E40-10A4-4359-AAC3-0BF969555ACC}.Debug|x86.Build.0 = Debug|x86
		{CD517E40-10A4-4359-AAC3-0BF969555ACC}.Release|x86.ActiveCfg = Release|x86
		{CD517E40-10A4-4359-AAC3-0BF969555ACC}.Release|x86.Build.0 = Release|x86
		{2324AAB5-6976-4A8E-A3AB-C55D3DB478B0}.Debug|x86.ActiveCfg = Debug|x86
		{2324AAB5-6976-4A8E-A3AB-C55D3DB478B0}.Debug|x86.Build.0 = Debug|x86
		{2324AAB5-6976-4A8E-A3AB-C55D3DB478B0}.Release|x86.ActiveCfg = Release|x86
		{2324AAB5-6976-4A8E-A3AB-C55D3DB478B0}.Release|x86.Build.0 = Release|x86
		{9259F8F1-4E39-4992-B247-70336CFF31F7}.Debug|x86.ActiveCfg = Debug|x86
		{9259F8F1-4E39-4992-B247-70336CFF31F7}.Debug|x86.Build.0 = Debug|x86
		{9259F8F1-4E39-4992-B247-70336CFF31F7}.Release|x86.ActiveCfg = Release|x86
		{9259F8F1-4E39-4992-B247-70336CFF31F7}.Release|x86.Build.0 = Release|x86
		{FAEC692A-E66A-464F-A1EF-8A7FA8DBCC4B}.Debug|x86.ActiveCfg = Debug|x86
		{FAEC692A-E66A-464F-A1EF-8A7FA8DBCC4B}.Debug|x86.Build.0 = Debug|x86
		{FAEC692A-E66A-464F-A1EF-8A7FA8DBCC4B}.Release|x86.ActiveCfg = Release|x86
		{FAEC692A-E66A-464F-A1EF-8A7FA8DBCC4B}.Release|x86.Build.0 = Release|x86
		{9E59EB29-E6B7-4527-B0B3-0C8AFAA10348}.Debug|x86.ActiveCfg = Debug|x86
		{9E59EB29-E6B7-4527-B0B3-0C8AFAA10348}.Debug|x86.Build.0 = Debug|x86
		{9E59EB29-E6B7-4527-B0B3-0C8AFAA10348}.Release|x86.ActiveCfg = Release|x86
		{9E59EB29-E6B7-4527-B0B3-0C8AFAA10348}.Release|x86.Build.0 = Release|x86
		{AD88AE75-C7E4-422E-B64C-7AE90811ECFF}.Debug|x86.ActiveCfg = Debug|x86
		{AD88AE75-C7E4-422E-B64C-7AE90811ECFF}.Debug|x86.Build.0 = Debug|x86
		{AD88AE75-C7E4-422E-B64C-7AE90811ECFF}.Release|x86.ActiveCfg = Release|x86
		{AD88AE75-C7E4-422E-B64C-7AE90811ECFF}.Release|x86.Build.0 = Release|x86
		{044387A5-3380-4351-BE82-D5CA38236189}.Debug|x86.ActiveCfg = Debug|x86
		{044387A5-3380-4351-BE82-D5CA38236189}.Debug|x86.Build.0 = Debug|x86
		{044387A5-3380-4351-BE82-D5CA38236189}.Release|x86.ActiveCfg = Release|x86
		{044387A5-3380-4351-BE82-D5CA38236189}.Release|x86.Build.0 = Release|x86
		{EDB5B982-B370-47C1-B21E-BBB5255059D9}.Debug|x86.ActiveCfg = Debug|x86
		{EDB5B982-B370-47C1-B21E-BBB5255059D9}.Debug|x86.Build.0 = Debug|x86
		{EDB5B982-B370-47C1-B21E-BBB5255059D9}.Release|x86.ActiveCfg = Release|x86
		{EDB5B982-B370-47C1-B21E-BBB5255059D9}.Release|x86.Build.0 = Release|x86
		{1B22F175-C185-4EF6-8310-B2B793F4C957}.Debug|x86.ActiveCfg = Debug|x86
		{1B22F175-C185-4EF6-8310-B2B793F4C957}.Debug|x86.Build.0 = Debug|x86
		{1B22F175-C185-4EF6-8310-B2B793F4C957}.Release|x86.ActiveCfg = Release|x86
		{1B22F175-C185-4EF6-8310-B2B793F4C957}.Release|x86.Build.0 = Release|x86
		{0D2B9F34-6E19-4A63-B5A1-CB375F424828}.Debug|x86.ActiveCfg = Debug|x86
		{0D2B9F34-6E19-4A63-B5A1-CB375F424828}.Debug|x86.Build.0 = Debug|x86
		{0D2B9F34-6E19-4A63-B5A1-CB375F424828}.Release|x86.ActiveCfg = Release|x86
		{0D2B9F34-6E19-4A63-B5A1-CB375F424828}.Release|x86.Build.0 = Release|x86
		{065D1AE2-6970-4A3B-9447-74C935231FFA}.Debug|x86.ActiveCfg = Debug|x86
		{065D1AE2-6970-4A3B-9447-74C935231FFA}.Debug|x86.Build.0 = Debug|x86
		{065D1AE2-6970-4A3B-9447-74C935231FFA}.Release|x86.ActiveCfg = Release|x86
		{065D1AE2-6970-4A3B-9447-74C935231FFA}.Release|x86.Build.0 = Release|x86
		{5E48E8A8-69D3-47D7-A555-850ABB2C0654}.Debug|x86.ActiveCfg = Debug|x86
		{5E48E8A8-69D3-47D7-A555-850ABB2C0654}.Debug|x86.Build.0 = Debug|x86
		{5E48E8A8-69D3-47D7-A555-850ABB2C0654}.Release|x86.ActiveCfg = Release|x86
		{5E48E8A8-69D3-47D7-A555-850ABB2C0654}.Release|x86.Build.0 = Release|x86
		{FA5143E1-5012-4FFC-92B9-89FD232B44EC}.Debug|x86.ActiveCfg = Debug|x86
		{FA5143E1-5012-4FFC-92B9-89FD232B44EC}.Debug|x86.Build.0 = Debug|x86
		{FA5143E1-5012-4FFC-92B9-89FD232B44EC}.Release|x86.ActiveCfg = Release|x86
		{FA5143E1-5012-4FFC-92B9-89FD232B44EC}.Release|x86.Build.0 = Release|x86
		{4EF06AE7-EE16-4B84-A676-9132200B27D3}.Debug|x86.ActiveCfg = Debug|x86
		{4EF06AE7-EE16-4B84-A676-9132200B27D3}.Debug|x86.Build.0 = Debug|x86
		{4EF06AE7-EE16-4B84-A676-9132200B27D3}.Release|x86.ActiveCfg = Release|x86
		{4EF06AE7-EE16-4B84-A676-9132200B27D3}.Release|x86.Build.0 = Release|x86
		{6BF0B1A8-A528-48BD-AA11-13B336C9FB9B}.Debug|x86.ActiveCfg = Debug|x86
		{6BF0B1A8-A528-48BD-AA11-13B336C9FB9B}.Debug|x86.Build.0 = Debug|x86
		{6BF0B1A8-A528-48BD-AA11-13B336C9FB9B}.Release|x86.ActiveCfg = Release|x86
		{6BF0B1A8-A528-48BD-AA11-13B336C9FB9B}.Release|x86.Build.0 = Release|x86
		{7915880B-DA03-41DF-863D-BED67030A47A}.Debug|x86.ActiveCfg = Debug|x86
		{7915880B-DA03-41DF-863D-BED67030A47A}.Debug|x86.Build.0 = Debug|x86
		{7915880B-DA03-41DF-863D-BED67030A47A}.Release|x86.ActiveCfg = Release|x86
		{7915880B-DA03-41DF-863D-BED67030A47A}.Release|x86.Build.0 = Release|x86
		{D73A2700-5536-482B-A0BE-CE07C3C537C2}.Debug|x86.ActiveCfg = Debug|x86
		{D73A2700-5536-482B-A0BE-CE07C3C537C2}.Debug|x86.Build.0 = Debug|x86
		{D73A2700-5536-482B-A0BE-CE07C3C537C2}.Release|x86.ActiveCfg = Release|x86
		{D73A2700-5536-482B-A0BE-CE07C3C537C2}.Release|x86.Build.0 = Release|x86
		{9EE3FAD7-9302-4C9F-9D61-EE6303E7E06C}.Debug|x86.ActiveCfg = Debug|x86
		{9EE3FAD7-9302-4C9F-9D61-EE6303E7E06C}.Debug|x86.Build.0 = Debug|x86
		{9EE3FAD7-9302-4C9F-9D61-EE6303E7E06C}.Release|x86.ActiveCfg = Release|x86
		{9EE3FAD7-9302-4C9F-9D61-EE6303E7E06C}.Release|x86.Build.0 = Release|x86
		{065B7FC4-5616-4B48-ADCC-0CBA26D58044}.Debug|x86.ActiveCfg = Debug|x86
		{065B7FC4-5616-4B48-ADCC-0CBA26D58044}.Debug|x86.Build.0 = Debug|x86
		{065B7FC4-5616-4B48-ADCC-0CBA26D58044}.Release|x86.ActiveCfg = Release|x86
		{065B7FC4-5616-4B48-ADCC-0CBA26D58044}.Release|x86.Build.0 = Release|x86
		{2FA60314-33E9-45BF-BBB5-1683EB0E9143}.Debug|x86.ActiveCfg = Debug|x86
		{2FA60314-33E9-45BF-BBB5-1683EB0E9143}.Debug|x86.Build.0 = Debug|x86
		{2FA60314-33E9-45BF-BBB5-1683EB0E9143}.Release|x86.ActiveCfg = Release|x86
		{2FA60314-33E9-45BF-BBB5-1683EB0E9143}.Release|x86.Build.0 = Release|x86
		{D804DF55-4F63-41D0-9A3C-E6371DE9E946}.Debug|x86.ActiveCfg = Debug|x86
		{D804DF55-4F63-41D0-9A3C-E6371DE9E946}.Debug|x86.Build.0 = Debug|x86
		{D804DF55-4F63-41D0-9A3C-E6371DE9E946}.Release|x86.ActiveCfg = Release|x86
		{D804DF55-4F63-41D0-9A3C-E6371DE9E946}.Release|x86.Build.0 = Release|x86
		{1BBC7E4C-BC0F-4C2E-B177-71A7F68E9A61}.Debug|x86.ActiveCfg = Debug|x86
		{1BBC7E4C-BC0F-4C2E-B177-71A7F68E9A61}.Debug|x86.Build.0 = Debug|x86
		{1BBC7E4C-BC0F-4C2E-B177-71A7F68E9A61}.Release|x86.ActiveCfg = Release|x86
		{1BBC7E4C-BC0F-4C2E-B177-71A7F68E9A61}.Release|x86.Build.0 = Release|x86
		{75DD3732-1829-4A13-926B-A3226C6FF417}.Debug|x86.ActiveCfg = Debug|x86
		{75DD3732-1829-4A13-926B-A3226C6FF417}.Debug|x86.Build.0 = Debug|x86
		{75DD3732-1829-4A13-926B-A3226C6FF417}.Release|x86.ActiveCfg = Release|x86
		{75DD3732-1829-4A13-926B-A3226C6FF417}.Release|x86.Build.0 = Release|x86
	EndGlobalSection
	GlobalSection(SolutionProperties) = preSolution
		HideSolutionNode = FALSE
	EndGlobalSection
	GlobalSection(NestedProjects) = preSolution
		{9E4B2E8D-4CCD-4417-9E7B-DB7C8D0E89D6} = {450F614E-7E5D-4F5E-908D-0F3031A04631}
		{7CC35207-420F-4A6B-B562-83CC44D61719} = {450F614E-7E5D-4F5E-908D-0F3031A04631}
		{5F6CCF59-3424-4AC3-9EDA-DA4F0916C9CF} = {450F614E-7E5D-4F5E-908D-0F3031A04631}
		{C1A61536-E654-4CEC-A024-624B81EF7285} = {450F614E-7E5D-4F5E-908D-0F3031A04631}
		{CD517E40-10A4-4359-AAC3-0BF969555ACC} = {450F614E-7E5D-4F5E-908D-0F3031A04631}
		{2324AAB5-6976-4A8E-A3AB-C55D3DB478B0} = {450F614E-7E5D-4F5E-908D-0F3031A04631}
		{9259F8F1-4E39-4992-B247-70336CFF31F7} = {450F614E-7E5D-4F5E-908D-0F3031A04631}
		{FAEC692A-E66A-464F-A1EF-8A7FA8DBCC4B} = {450F614E-7E5D-4F5E-908D-0F3031A04631}
		{9E59EB29-E6B7-4527-B0B3-0C8AFAA10348} = {450F614E-7E5D-4F5E-908D-0F3031A04631}
		{AD88AE75-C7E4-422E-B64C-7AE90811ECFF} = {450F614E-7E5D-4F5E-908D-0F3031A04631}
		{044387A5-3380-4351-BE82-D5CA38236189} = {450F614E-7E5D-4F5E-908D-0F3031A04631}
		{EDB5B982-B370-47C1-B21E-BBB5255059D9} = {450F614E-7E5D-4F5E-908D-0F3031A04631}
		{1B22F175-C185-4EF6-8310-B2B793F4C957} = {450F614E-7E5D-4F5E-908D-0F3031A04631}
		{0D2B9F34-6E19-4A63-B5A1-CB375F424828} = {450F614E-7E5D-4F5E-908D-0F3031A04631}
		{065D1AE2-6970-4A3B-9447-74C935231FFA} = {450F614E-7E5D-4F5E-908D-0F3031A04631}
		{5E48E8A8-69D3-47D7-A555-850ABB2C0654} = {450F614E-7E5D-4F5E-908D-0F3031A04631}
		{FA5143E1-5012-4FFC-92B9-89FD232B44EC} = {450F614E-7E5D-4F5E-908D-0F3031A04631}
		{4EF06AE7-EE16-4B84-A676-9132200B27D3} = {450F614E-7E5D-4F5E-908D-0F3031A04631}
		{6BF0B1A8-A528-48BD-AA11-13B336C9FB9B} = {450F614E-7E5D-4F5E-908D-0F3031A04631}
		{7915880B-DA03-41DF-863D-BED67030A47A} = {450F614E-7E5D-4F5E-908D-0F3031A04631}
		{D73A2700-5536-482B-A0BE-CE07C3C537C2} = {450F614E-7E5D-4F5E-908D-0F3031A04631}
		{72D34C1E-4D1C-4CDC-B203-22A3DFC612A0} = {450F614E-7E5D-4F5E-908D-0F3031A04631}
		{9EE3FAD7-9302-4C9F-9D61-EE6303E7E06C} = {751E746F-6CC8-413E-8106-F14CAE24FBA0}
		{065B7FC4-5616-4B48-ADCC-0CBA26D58044} = {751E746F-6CC8-413E-8106-F14CAE24FBA0}
		{2FA60314-33E9-45BF-BBB5-1683EB0E9143} = {751E746F-6CC8-413E-8106-F14CAE24FBA0}
		{D804DF55-4F63-41D0-9A3C-E6371DE9E946} = {751E746F-6CC8-413E-8106-F14CAE24FBA0}
		{1BBC7E4C-BC0F-4C2E-B177-71A7F68E9A61} = {751E746F-6CC8-413E-8106-F14CAE24FBA0}
		{75DD3732-1829-4A13-926B-A3226C6FF417} = {751E746F-6CC8-413E-8106-F14CAE24FBA0}
	EndGlobalSection
EndGlobal
