
Microsoft Visual Studio Solution File, Format Version 11.00
# Visual Studio 2010
Project("{FAE04EC0-301F-11D3-BF4B-00C04F79EFBC}") = "Parallel Sort", "Parallel Sort\Parallel Sort.csproj", "{B6B5DDE1-9BE8-493F-8A70-2E766AD97ADF}"
EndProject
Project("{FAE04EC0-301F-11D3-BF4B-00C04F79EFBC}") = "Parallel_Tree_Traverse", "Parallel_Tree_Traverse\Parallel_Tree_Traverse.csproj", "{B030F503-BE2B-4338-8F4B-8325C911906E}"
EndProject
Project("{2150E333-8FDC-42A3-9474-1A3956D46DE8}") = "Sorting, Searching and Caching", "Sorting, Searching and Caching", "{D2D69ACB-D975-46F0-9533-A98757A4E2A6}"
EndProject
Project("{2150E333-8FDC-42A3-9474-1A3956D46DE8}") = "Producers and Consumers", "Producers and Consumers", "{3F55026C-B1CF-4148-AC46-A88267D7D954}"
EndProject
Project("{FAE04EC0-301F-11D3-BF4B-00C04F79EFBC}") = "Decoupled_Console", "Decoupled_Console\Decoupled_Console.csproj", "{47BF3616-C8A0-45DC-BCCB-7DF94DCC6CAE}"
EndProject
Project("{FAE04EC0-301F-11D3-BF4B-00C04F79EFBC}") = "Parallel_Cache", "Parallel_Cache\Parallel_Cache.csproj", "{14308CDE-3253-41BF-8187-70404C40D452}"
EndProject
Project("{FAE04EC0-301F-11D3-BF4B-00C04F79EFBC}") = "Pipeline", "Pipeline\Pipeline.csproj", "{4C157C6C-54B8-40AA-BE9E-D9F09B975872}"
EndProject
Project("{FAE04EC0-301F-11D3-BF4B-00C04F79EFBC}") = "Speculative_Selection", "Speculative_Selection\Speculative_Selection.csproj", "{80A9F84F-27A8-442D-AF22-01EBFE2A2E0F}"
EndProject
Project("{2150E333-8FDC-42A3-9474-1A3956D46DE8}") = "Speculative Processing", "Speculative Processing", "{4D612233-65DA-4EEF-8A0F-94E91E314D8E}"
EndProject
Project("{FAE04EC0-301F-11D3-BF4B-00C04F79EFBC}") = "Speculative_Cache", "Speculative_Cache\Speculative_Cache.csproj", "{2AE39451-59AE-49DA-87AF-5B3CCE90AFCC}"
EndProject
Project("{2150E333-8FDC-42A3-9474-1A3956D46DE8}") = "Mapping and Reduction", "Mapping and Reduction", "{A899FB9B-35DE-4BDE-8755-14F782AC5F32}"
EndProject
Project("{FAE04EC0-301F-11D3-BF4B-00C04F79EFBC}") = "Parallel_Map", "Parallel_Map\Parallel_Map.csproj", "{67B521B9-0B7B-4BBB-AE8D-DF46C314A1B8}"
EndProject
Project("{FAE04EC0-301F-11D3-BF4B-00C04F79EFBC}") = "Parallel_Reduce", "Parallel_Reduce\Parallel_Reduce.csproj", "{31BBD9A8-5675-4630-A4B8-56BDFD591648}"
EndProject
Project("{FAE04EC0-301F-11D3-BF4B-00C04F79EFBC}") = "Parallel_MapReduce", "Parallel_MapReduce\Parallel_MapReduce.csproj", "{E8EAFE3B-6E5A-4367-AC9B-79DEE92D1B0A}"
EndProject
Project("{FAE04EC0-301F-11D3-BF4B-00C04F79EFBC}") = "Parallel_Tree_Search", "Parallel_Tree_Search\Parallel_Tree_Search.csproj", "{F082C73A-2698-4854-B86E-CEB2E6DD23FF}"
EndProject
Global
	GlobalSection(SolutionConfigurationPlatforms) = preSolution
		Debug|x86 = Debug|x86
		Release|x86 = Release|x86
	EndGlobalSection
	GlobalSection(ProjectConfigurationPlatforms) = postSolution
		{B6B5DDE1-9BE8-493F-8A70-2E766AD97ADF}.Debug|x86.ActiveCfg = Debug|x86
		{B6B5DDE1-9BE8-493F-8A70-2E766AD97ADF}.Debug|x86.Build.0 = Debug|x86
		{B6B5DDE1-9BE8-493F-8A70-2E766AD97ADF}.Release|x86.ActiveCfg = Release|x86
		{B6B5DDE1-9BE8-493F-8A70-2E766AD97ADF}.Release|x86.Build.0 = Release|x86
		{B030F503-BE2B-4338-8F4B-8325C911906E}.Debug|x86.ActiveCfg = Debug|x86
		{B030F503-BE2B-4338-8F4B-8325C911906E}.Debug|x86.Build.0 = Debug|x86
		{B030F503-BE2B-4338-8F4B-8325C911906E}.Release|x86.ActiveCfg = Release|x86
		{B030F503-BE2B-4338-8F4B-8325C911906E}.Release|x86.Build.0 = Release|x86
		{47BF3616-C8A0-45DC-BCCB-7DF94DCC6CAE}.Debug|x86.ActiveCfg = Debug|x86
		{47BF3616-C8A0-45DC-BCCB-7DF94DCC6CAE}.Debug|x86.Build.0 = Debug|x86
		{47BF3616-C8A0-45DC-BCCB-7DF94DCC6CAE}.Release|x86.ActiveCfg = Release|x86
		{47BF3616-C8A0-45DC-BCCB-7DF94DCC6CAE}.Release|x86.Build.0 = Release|x86
		{14308CDE-3253-41BF-8187-70404C40D452}.Debug|x86.ActiveCfg = Debug|x86
		{14308CDE-3253-41BF-8187-70404C40D452}.Debug|x86.Build.0 = Debug|x86
		{14308CDE-3253-41BF-8187-70404C40D452}.Release|x86.ActiveCfg = Release|x86
		{14308CDE-3253-41BF-8187-70404C40D452}.Release|x86.Build.0 = Release|x86
		{4C157C6C-54B8-40AA-BE9E-D9F09B975872}.Debug|x86.ActiveCfg = Debug|x86
		{4C157C6C-54B8-40AA-BE9E-D9F09B975872}.Debug|x86.Build.0 = Debug|x86
		{4C157C6C-54B8-40AA-BE9E-D9F09B975872}.Release|x86.ActiveCfg = Release|x86
		{4C157C6C-54B8-40AA-BE9E-D9F09B975872}.Release|x86.Build.0 = Release|x86
		{80A9F84F-27A8-442D-AF22-01EBFE2A2E0F}.Debug|x86.ActiveCfg = Debug|x86
		{80A9F84F-27A8-442D-AF22-01EBFE2A2E0F}.Debug|x86.Build.0 = Debug|x86
		{80A9F84F-27A8-442D-AF22-01EBFE2A2E0F}.Release|x86.ActiveCfg = Release|x86
		{80A9F84F-27A8-442D-AF22-01EBFE2A2E0F}.Release|x86.Build.0 = Release|x86
		{2AE39451-59AE-49DA-87AF-5B3CCE90AFCC}.Debug|x86.ActiveCfg = Debug|x86
		{2AE39451-59AE-49DA-87AF-5B3CCE90AFCC}.Debug|x86.Build.0 = Debug|x86
		{2AE39451-59AE-49DA-87AF-5B3CCE90AFCC}.Release|x86.ActiveCfg = Release|x86
		{2AE39451-59AE-49DA-87AF-5B3CCE90AFCC}.Release|x86.Build.0 = Release|x86
		{67B521B9-0B7B-4BBB-AE8D-DF46C314A1B8}.Debug|x86.ActiveCfg = Debug|x86
		{67B521B9-0B7B-4BBB-AE8D-DF46C314A1B8}.Debug|x86.Build.0 = Debug|x86
		{67B521B9-0B7B-4BBB-AE8D-DF46C314A1B8}.Release|x86.ActiveCfg = Release|x86
		{67B521B9-0B7B-4BBB-AE8D-DF46C314A1B8}.Release|x86.Build.0 = Release|x86
		{31BBD9A8-5675-4630-A4B8-56BDFD591648}.Debug|x86.ActiveCfg = Debug|x86
		{31BBD9A8-5675-4630-A4B8-56BDFD591648}.Debug|x86.Build.0 = Debug|x86
		{31BBD9A8-5675-4630-A4B8-56BDFD591648}.Release|x86.ActiveCfg = Release|x86
		{31BBD9A8-5675-4630-A4B8-56BDFD591648}.Release|x86.Build.0 = Release|x86
		{E8EAFE3B-6E5A-4367-AC9B-79DEE92D1B0A}.Debug|x86.ActiveCfg = Debug|x86
		{E8EAFE3B-6E5A-4367-AC9B-79DEE92D1B0A}.Debug|x86.Build.0 = Debug|x86
		{E8EAFE3B-6E5A-4367-AC9B-79DEE92D1B0A}.Release|x86.ActiveCfg = Release|x86
		{E8EAFE3B-6E5A-4367-AC9B-79DEE92D1B0A}.Release|x86.Build.0 = Release|x86
		{F082C73A-2698-4854-B86E-CEB2E6DD23FF}.Debug|x86.ActiveCfg = Debug|x86
		{F082C73A-2698-4854-B86E-CEB2E6DD23FF}.Debug|x86.Build.0 = Debug|x86
		{F082C73A-2698-4854-B86E-CEB2E6DD23FF}.Release|x86.ActiveCfg = Release|x86
		{F082C73A-2698-4854-B86E-CEB2E6DD23FF}.Release|x86.Build.0 = Release|x86
	EndGlobalSection
	GlobalSection(SolutionProperties) = preSolution
		HideSolutionNode = FALSE
	EndGlobalSection
	GlobalSection(NestedProjects) = preSolution
		{B030F503-BE2B-4338-8F4B-8325C911906E} = {D2D69ACB-D975-46F0-9533-A98757A4E2A6}
		{B6B5DDE1-9BE8-493F-8A70-2E766AD97ADF} = {D2D69ACB-D975-46F0-9533-A98757A4E2A6}
		{14308CDE-3253-41BF-8187-70404C40D452} = {D2D69ACB-D975-46F0-9533-A98757A4E2A6}
		{F082C73A-2698-4854-B86E-CEB2E6DD23FF} = {D2D69ACB-D975-46F0-9533-A98757A4E2A6}
		{47BF3616-C8A0-45DC-BCCB-7DF94DCC6CAE} = {3F55026C-B1CF-4148-AC46-A88267D7D954}
		{4C157C6C-54B8-40AA-BE9E-D9F09B975872} = {3F55026C-B1CF-4148-AC46-A88267D7D954}
		{80A9F84F-27A8-442D-AF22-01EBFE2A2E0F} = {4D612233-65DA-4EEF-8A0F-94E91E314D8E}
		{2AE39451-59AE-49DA-87AF-5B3CCE90AFCC} = {4D612233-65DA-4EEF-8A0F-94E91E314D8E}
		{67B521B9-0B7B-4BBB-AE8D-DF46C314A1B8} = {A899FB9B-35DE-4BDE-8755-14F782AC5F32}
		{31BBD9A8-5675-4630-A4B8-56BDFD591648} = {A899FB9B-35DE-4BDE-8755-14F782AC5F32}
		{E8EAFE3B-6E5A-4367-AC9B-79DEE92D1B0A} = {A899FB9B-35DE-4BDE-8755-14F782AC5F32}
	EndGlobalSection
EndGlobal
