
Microsoft Visual Studio Solution File, Format Version 11.00
# Visual Studio 2010
Project("{FAE04EC0-301F-11D3-BF4B-00C04F79EFBC}") = "Listing_01", "Listing_01\Listing_01.csproj", "{86975037-EE6C-4455-A12D-EBF523B80AF3}"
EndProject
Project("{FAE04EC0-301F-11D3-BF4B-00C04F79EFBC}") = "Listing_02", "Listing_02\Listing_02.csproj", "{5AEA51A4-CA89-4B18-871C-36B86E9AB130}"
EndProject
Project("{2150E333-8FDC-42A3-9474-1A3956D46DE8}") = "Code Listings", "Code Listings", "{43061646-8726-4206-81BA-DD1507E2CCC2}"
EndProject
Project("{FAE04EC0-301F-11D3-BF4B-00C04F79EFBC}") = "Listing_03", "Listing_03\Listing_03.csproj", "{F7F6673D-3C03-4CBE-8288-0BF2D7716AE1}"
EndProject
Project("{FAE04EC0-301F-11D3-BF4B-00C04F79EFBC}") = "Listing_04", "Listing_04\Listing_04.csproj", "{56057316-4542-4094-97D1-E0EFAFE80EAF}"
EndProject
Project("{FAE04EC0-301F-11D3-BF4B-00C04F79EFBC}") = "Listing_05", "Listing_05\Listing_05.csproj", "{DACD8523-1D16-4B42-A384-BC9AE89CB8A1}"
EndProject
Project("{FAE04EC0-301F-11D3-BF4B-00C04F79EFBC}") = "Listing_06", "Listing_06\Listing_06.csproj", "{FEA89E05-4548-4234-9424-076EE65244E1}"
EndProject
Project("{FAE04EC0-301F-11D3-BF4B-00C04F79EFBC}") = "Listing_07", "Listing_07\Listing_07.csproj", "{E464A828-BEA9-4B81-91B5-BB09E9C4AC83}"
EndProject
Project("{FAE04EC0-301F-11D3-BF4B-00C04F79EFBC}") = "Listing_08", "Listing_08\Listing_08.csproj", "{7F3F8630-9CF3-4D2F-8B2B-87761CB5CC65}"
EndProject
Project("{FAE04EC0-301F-11D3-BF4B-00C04F79EFBC}") = "Listing_09", "Listing_09\Listing_09.csproj", "{531A5F81-706A-4DE5-A017-9B8A17AB5CBF}"
EndProject
Project("{FAE04EC0-301F-11D3-BF4B-00C04F79EFBC}") = "Listing_10", "Listing_10\Listing_10.csproj", "{E7B768F4-196E-42EE-BBA5-2F1BCB9CB781}"
EndProject
Project("{FAE04EC0-301F-11D3-BF4B-00C04F79EFBC}") = "Listing_11", "Listing_11\Listing_11.csproj", "{CF3DB71B-982D-4754-AFF4-A35AA3A500D9}"
EndProject
Project("{FAE04EC0-301F-11D3-BF4B-00C04F79EFBC}") = "Listing_12", "Listing_12\Listing_12.csproj", "{703E3F05-FE1D-458E-A39E-51C12EAB69D2}"
EndProject
Project("{FAE04EC0-301F-11D3-BF4B-00C04F79EFBC}") = "Listing_13", "Listing_13\Listing_13.csproj", "{8C70CA77-E3D7-4663-9229-053FA28EECC7}"
EndProject
Project("{FAE04EC0-301F-11D3-BF4B-00C04F79EFBC}") = "Listing_14", "Listing_14\Listing_14.csproj", "{5D8F6EB2-3B9B-4594-9EBA-3E345DAFEC37}"
EndProject
Project("{FAE04EC0-301F-11D3-BF4B-00C04F79EFBC}") = "Listing_15", "Listing_15\Listing_15.csproj", "{10542198-7B54-42BF-B18D-3E21874A98F1}"
EndProject
Project("{FAE04EC0-301F-11D3-BF4B-00C04F79EFBC}") = "Listing_16", "Listing_16\Listing_16.csproj", "{BB080608-77F3-4FD2-8B23-B5AAD7AA03C9}"
EndProject
Project("{FAE04EC0-301F-11D3-BF4B-00C04F79EFBC}") = "Listing_17", "Listing_17\Listing_17.csproj", "{0D80D580-C1F7-45F3-B563-6E081C2ED97A}"
EndProject
Project("{FAE04EC0-301F-11D3-BF4B-00C04F79EFBC}") = "Listing_18", "Listing_18\Listing_18.csproj", "{0D2A3947-BA42-47E3-B4C2-4CDF8DA29463}"
EndProject
Project("{FAE04EC0-301F-11D3-BF4B-00C04F79EFBC}") = "Listing_19", "Listing_19\Listing_19.csproj", "{0FD420A8-CC67-4CE5-A622-61C80545DB88}"
EndProject
Project("{FAE04EC0-301F-11D3-BF4B-00C04F79EFBC}") = "Listing_20", "Listing_20\Listing_20.csproj", "{D4E77CDC-F324-48D3-AEBB-7E1C362B747D}"
EndProject
Project("{FAE04EC0-301F-11D3-BF4B-00C04F79EFBC}") = "Listing_21", "Listing_21\Listing_21.csproj", "{5504271E-C691-4FE3-9657-4228081DFB5B}"
EndProject
Project("{FAE04EC0-301F-11D3-BF4B-00C04F79EFBC}") = "Listing_22", "Listing_22\Listing_22.csproj", "{469B05BB-3DD9-4D38-89C5-4B36E229F141}"
EndProject
Project("{FAE04EC0-301F-11D3-BF4B-00C04F79EFBC}") = "Listing_23", "Listing_23\Listing_23.csproj", "{D5A03BF5-E757-4EB6-AC57-C7751DD37C80}"
EndProject
Project("{2150E333-8FDC-42A3-9474-1A3956D46DE8}") = "Common Problems", "Common Problems", "{2E6DDAB7-F1DA-4105-AD0A-45B8F7AC64C0}"
EndProject
Project("{FAE04EC0-301F-11D3-BF4B-00C04F79EFBC}") = "Unexpected_Mutability", "Unexpected_Mutability\Unexpected_Mutability.csproj", "{7F0B01DA-43C0-46FC-8C26-1EE40DF34B63}"
EndProject
Project("{FAE04EC0-301F-11D3-BF4B-00C04F79EFBC}") = "Multiple_Locks", "Multiple_Locks\Multiple_Locks.csproj", "{E3E2AB2C-776E-40E3-BE21-242F415FDE4B}"
EndProject
Project("{FAE04EC0-301F-11D3-BF4B-00C04F79EFBC}") = "Lock_Acquisition_Order", "Lock_Acquisition_Order\Lock_Acquisition_Order.csproj", "{FF086A16-2DEE-4930-A0E4-D63F449C6A3F}"
EndProject
Project("{FAE04EC0-301F-11D3-BF4B-00C04F79EFBC}") = "Orphaned_Locks", "Orphaned_Locks\Orphaned_Locks.csproj", "{70E193FC-6648-4A58-827C-0917740ACD5C}"
EndProject
Global
	GlobalSection(SolutionConfigurationPlatforms) = preSolution
		Debug|x86 = Debug|x86
		Release|x86 = Release|x86
	EndGlobalSection
	GlobalSection(ProjectConfigurationPlatforms) = postSolution
		{86975037-EE6C-4455-A12D-EBF523B80AF3}.Debug|x86.ActiveCfg = Debug|x86
		{86975037-EE6C-4455-A12D-EBF523B80AF3}.Debug|x86.Build.0 = Debug|x86
		{86975037-EE6C-4455-A12D-EBF523B80AF3}.Release|x86.ActiveCfg = Release|x86
		{86975037-EE6C-4455-A12D-EBF523B80AF3}.Release|x86.Build.0 = Release|x86
		{5AEA51A4-CA89-4B18-871C-36B86E9AB130}.Debug|x86.ActiveCfg = Debug|x86
		{5AEA51A4-CA89-4B18-871C-36B86E9AB130}.Debug|x86.Build.0 = Debug|x86
		{5AEA51A4-CA89-4B18-871C-36B86E9AB130}.Release|x86.ActiveCfg = Release|x86
		{5AEA51A4-CA89-4B18-871C-36B86E9AB130}.Release|x86.Build.0 = Release|x86
		{F7F6673D-3C03-4CBE-8288-0BF2D7716AE1}.Debug|x86.ActiveCfg = Debug|x86
		{F7F6673D-3C03-4CBE-8288-0BF2D7716AE1}.Debug|x86.Build.0 = Debug|x86
		{F7F6673D-3C03-4CBE-8288-0BF2D7716AE1}.Release|x86.ActiveCfg = Release|x86
		{F7F6673D-3C03-4CBE-8288-0BF2D7716AE1}.Release|x86.Build.0 = Release|x86
		{56057316-4542-4094-97D1-E0EFAFE80EAF}.Debug|x86.ActiveCfg = Debug|x86
		{56057316-4542-4094-97D1-E0EFAFE80EAF}.Debug|x86.Build.0 = Debug|x86
		{56057316-4542-4094-97D1-E0EFAFE80EAF}.Release|x86.ActiveCfg = Release|x86
		{56057316-4542-4094-97D1-E0EFAFE80EAF}.Release|x86.Build.0 = Release|x86
		{DACD8523-1D16-4B42-A384-BC9AE89CB8A1}.Debug|x86.ActiveCfg = Debug|x86
		{DACD8523-1D16-4B42-A384-BC9AE89CB8A1}.Debug|x86.Build.0 = Debug|x86
		{DACD8523-1D16-4B42-A384-BC9AE89CB8A1}.Release|x86.ActiveCfg = Release|x86
		{DACD8523-1D16-4B42-A384-BC9AE89CB8A1}.Release|x86.Build.0 = Release|x86
		{FEA89E05-4548-4234-9424-076EE65244E1}.Debug|x86.ActiveCfg = Debug|x86
		{FEA89E05-4548-4234-9424-076EE65244E1}.Debug|x86.Build.0 = Debug|x86
		{FEA89E05-4548-4234-9424-076EE65244E1}.Release|x86.ActiveCfg = Release|x86
		{FEA89E05-4548-4234-9424-076EE65244E1}.Release|x86.Build.0 = Release|x86
		{E464A828-BEA9-4B81-91B5-BB09E9C4AC83}.Debug|x86.ActiveCfg = Debug|x86
		{E464A828-BEA9-4B81-91B5-BB09E9C4AC83}.Debug|x86.Build.0 = Debug|x86
		{E464A828-BEA9-4B81-91B5-BB09E9C4AC83}.Release|x86.ActiveCfg = Release|x86
		{E464A828-BEA9-4B81-91B5-BB09E9C4AC83}.Release|x86.Build.0 = Release|x86
		{7F3F8630-9CF3-4D2F-8B2B-87761CB5CC65}.Debug|x86.ActiveCfg = Debug|x86
		{7F3F8630-9CF3-4D2F-8B2B-87761CB5CC65}.Debug|x86.Build.0 = Debug|x86
		{7F3F8630-9CF3-4D2F-8B2B-87761CB5CC65}.Release|x86.ActiveCfg = Release|x86
		{7F3F8630-9CF3-4D2F-8B2B-87761CB5CC65}.Release|x86.Build.0 = Release|x86
		{531A5F81-706A-4DE5-A017-9B8A17AB5CBF}.Debug|x86.ActiveCfg = Debug|x86
		{531A5F81-706A-4DE5-A017-9B8A17AB5CBF}.Debug|x86.Build.0 = Debug|x86
		{531A5F81-706A-4DE5-A017-9B8A17AB5CBF}.Release|x86.ActiveCfg = Release|x86
		{531A5F81-706A-4DE5-A017-9B8A17AB5CBF}.Release|x86.Build.0 = Release|x86
		{E7B768F4-196E-42EE-BBA5-2F1BCB9CB781}.Debug|x86.ActiveCfg = Debug|x86
		{E7B768F4-196E-42EE-BBA5-2F1BCB9CB781}.Debug|x86.Build.0 = Debug|x86
		{E7B768F4-196E-42EE-BBA5-2F1BCB9CB781}.Release|x86.ActiveCfg = Release|x86
		{E7B768F4-196E-42EE-BBA5-2F1BCB9CB781}.Release|x86.Build.0 = Release|x86
		{CF3DB71B-982D-4754-AFF4-A35AA3A500D9}.Debug|x86.ActiveCfg = Debug|x86
		{CF3DB71B-982D-4754-AFF4-A35AA3A500D9}.Debug|x86.Build.0 = Debug|x86
		{CF3DB71B-982D-4754-AFF4-A35AA3A500D9}.Release|x86.ActiveCfg = Release|x86
		{CF3DB71B-982D-4754-AFF4-A35AA3A500D9}.Release|x86.Build.0 = Release|x86
		{703E3F05-FE1D-458E-A39E-51C12EAB69D2}.Debug|x86.ActiveCfg = Debug|x86
		{703E3F05-FE1D-458E-A39E-51C12EAB69D2}.Debug|x86.Build.0 = Debug|x86
		{703E3F05-FE1D-458E-A39E-51C12EAB69D2}.Release|x86.ActiveCfg = Release|x86
		{703E3F05-FE1D-458E-A39E-51C12EAB69D2}.Release|x86.Build.0 = Release|x86
		{8C70CA77-E3D7-4663-9229-053FA28EECC7}.Debug|x86.ActiveCfg = Debug|x86
		{8C70CA77-E3D7-4663-9229-053FA28EECC7}.Debug|x86.Build.0 = Debug|x86
		{8C70CA77-E3D7-4663-9229-053FA28EECC7}.Release|x86.ActiveCfg = Release|x86
		{8C70CA77-E3D7-4663-9229-053FA28EECC7}.Release|x86.Build.0 = Release|x86
		{5D8F6EB2-3B9B-4594-9EBA-3E345DAFEC37}.Debug|x86.ActiveCfg = Debug|x86
		{5D8F6EB2-3B9B-4594-9EBA-3E345DAFEC37}.Debug|x86.Build.0 = Debug|x86
		{5D8F6EB2-3B9B-4594-9EBA-3E345DAFEC37}.Release|x86.ActiveCfg = Release|x86
		{5D8F6EB2-3B9B-4594-9EBA-3E345DAFEC37}.Release|x86.Build.0 = Release|x86
		{10542198-7B54-42BF-B18D-3E21874A98F1}.Debug|x86.ActiveCfg = Debug|x86
		{10542198-7B54-42BF-B18D-3E21874A98F1}.Debug|x86.Build.0 = Debug|x86
		{10542198-7B54-42BF-B18D-3E21874A98F1}.Release|x86.ActiveCfg = Release|x86
		{10542198-7B54-42BF-B18D-3E21874A98F1}.Release|x86.Build.0 = Release|x86
		{BB080608-77F3-4FD2-8B23-B5AAD7AA03C9}.Debug|x86.ActiveCfg = Debug|x86
		{BB080608-77F3-4FD2-8B23-B5AAD7AA03C9}.Debug|x86.Build.0 = Debug|x86
		{BB080608-77F3-4FD2-8B23-B5AAD7AA03C9}.Release|x86.ActiveCfg = Release|x86
		{BB080608-77F3-4FD2-8B23-B5AAD7AA03C9}.Release|x86.Build.0 = Release|x86
		{0D80D580-C1F7-45F3-B563-6E081C2ED97A}.Debug|x86.ActiveCfg = Debug|x86
		{0D80D580-C1F7-45F3-B563-6E081C2ED97A}.Debug|x86.Build.0 = Debug|x86
		{0D80D580-C1F7-45F3-B563-6E081C2ED97A}.Release|x86.ActiveCfg = Release|x86
		{0D80D580-C1F7-45F3-B563-6E081C2ED97A}.Release|x86.Build.0 = Release|x86
		{0D2A3947-BA42-47E3-B4C2-4CDF8DA29463}.Debug|x86.ActiveCfg = Debug|x86
		{0D2A3947-BA42-47E3-B4C2-4CDF8DA29463}.Debug|x86.Build.0 = Debug|x86
		{0D2A3947-BA42-47E3-B4C2-4CDF8DA29463}.Release|x86.ActiveCfg = Release|x86
		{0D2A3947-BA42-47E3-B4C2-4CDF8DA29463}.Release|x86.Build.0 = Release|x86
		{0FD420A8-CC67-4CE5-A622-61C80545DB88}.Debug|x86.ActiveCfg = Debug|x86
		{0FD420A8-CC67-4CE5-A622-61C80545DB88}.Debug|x86.Build.0 = Debug|x86
		{0FD420A8-CC67-4CE5-A622-61C80545DB88}.Release|x86.ActiveCfg = Release|x86
		{0FD420A8-CC67-4CE5-A622-61C80545DB88}.Release|x86.Build.0 = Release|x86
		{D4E77CDC-F324-48D3-AEBB-7E1C362B747D}.Debug|x86.ActiveCfg = Debug|x86
		{D4E77CDC-F324-48D3-AEBB-7E1C362B747D}.Debug|x86.Build.0 = Debug|x86
		{D4E77CDC-F324-48D3-AEBB-7E1C362B747D}.Release|x86.ActiveCfg = Release|x86
		{D4E77CDC-F324-48D3-AEBB-7E1C362B747D}.Release|x86.Build.0 = Release|x86
		{5504271E-C691-4FE3-9657-4228081DFB5B}.Debug|x86.ActiveCfg = Debug|x86
		{5504271E-C691-4FE3-9657-4228081DFB5B}.Debug|x86.Build.0 = Debug|x86
		{5504271E-C691-4FE3-9657-4228081DFB5B}.Release|x86.ActiveCfg = Release|x86
		{5504271E-C691-4FE3-9657-4228081DFB5B}.Release|x86.Build.0 = Release|x86
		{469B05BB-3DD9-4D38-89C5-4B36E229F141}.Debug|x86.ActiveCfg = Debug|x86
		{469B05BB-3DD9-4D38-89C5-4B36E229F141}.Debug|x86.Build.0 = Debug|x86
		{469B05BB-3DD9-4D38-89C5-4B36E229F141}.Release|x86.ActiveCfg = Release|x86
		{469B05BB-3DD9-4D38-89C5-4B36E229F141}.Release|x86.Build.0 = Release|x86
		{D5A03BF5-E757-4EB6-AC57-C7751DD37C80}.Debug|x86.ActiveCfg = Debug|x86
		{D5A03BF5-E757-4EB6-AC57-C7751DD37C80}.Debug|x86.Build.0 = Debug|x86
		{D5A03BF5-E757-4EB6-AC57-C7751DD37C80}.Release|x86.ActiveCfg = Release|x86
		{D5A03BF5-E757-4EB6-AC57-C7751DD37C80}.Release|x86.Build.0 = Release|x86
		{7F0B01DA-43C0-46FC-8C26-1EE40DF34B63}.Debug|x86.ActiveCfg = Debug|x86
		{7F0B01DA-43C0-46FC-8C26-1EE40DF34B63}.Debug|x86.Build.0 = Debug|x86
		{7F0B01DA-43C0-46FC-8C26-1EE40DF34B63}.Release|x86.ActiveCfg = Release|x86
		{7F0B01DA-43C0-46FC-8C26-1EE40DF34B63}.Release|x86.Build.0 = Release|x86
		{E3E2AB2C-776E-40E3-BE21-242F415FDE4B}.Debug|x86.ActiveCfg = Debug|x86
		{E3E2AB2C-776E-40E3-BE21-242F415FDE4B}.Debug|x86.Build.0 = Debug|x86
		{E3E2AB2C-776E-40E3-BE21-242F415FDE4B}.Release|x86.ActiveCfg = Release|x86
		{E3E2AB2C-776E-40E3-BE21-242F415FDE4B}.Release|x86.Build.0 = Release|x86
		{FF086A16-2DEE-4930-A0E4-D63F449C6A3F}.Debug|x86.ActiveCfg = Debug|x86
		{FF086A16-2DEE-4930-A0E4-D63F449C6A3F}.Debug|x86.Build.0 = Debug|x86
		{FF086A16-2DEE-4930-A0E4-D63F449C6A3F}.Release|x86.ActiveCfg = Release|x86
		{FF086A16-2DEE-4930-A0E4-D63F449C6A3F}.Release|x86.Build.0 = Release|x86
		{70E193FC-6648-4A58-827C-0917740ACD5C}.Debug|x86.ActiveCfg = Debug|x86
		{70E193FC-6648-4A58-827C-0917740ACD5C}.Debug|x86.Build.0 = Debug|x86
		{70E193FC-6648-4A58-827C-0917740ACD5C}.Release|x86.ActiveCfg = Release|x86
		{70E193FC-6648-4A58-827C-0917740ACD5C}.Release|x86.Build.0 = Release|x86
	EndGlobalSection
	GlobalSection(SolutionProperties) = preSolution
		HideSolutionNode = FALSE
	EndGlobalSection
	GlobalSection(NestedProjects) = preSolution
		{5AEA51A4-CA89-4B18-871C-36B86E9AB130} = {43061646-8726-4206-81BA-DD1507E2CCC2}
		{86975037-EE6C-4455-A12D-EBF523B80AF3} = {43061646-8726-4206-81BA-DD1507E2CCC2}
		{F7F6673D-3C03-4CBE-8288-0BF2D7716AE1} = {43061646-8726-4206-81BA-DD1507E2CCC2}
		{56057316-4542-4094-97D1-E0EFAFE80EAF} = {43061646-8726-4206-81BA-DD1507E2CCC2}
		{DACD8523-1D16-4B42-A384-BC9AE89CB8A1} = {43061646-8726-4206-81BA-DD1507E2CCC2}
		{FEA89E05-4548-4234-9424-076EE65244E1} = {43061646-8726-4206-81BA-DD1507E2CCC2}
		{E464A828-BEA9-4B81-91B5-BB09E9C4AC83} = {43061646-8726-4206-81BA-DD1507E2CCC2}
		{7F3F8630-9CF3-4D2F-8B2B-87761CB5CC65} = {43061646-8726-4206-81BA-DD1507E2CCC2}
		{531A5F81-706A-4DE5-A017-9B8A17AB5CBF} = {43061646-8726-4206-81BA-DD1507E2CCC2}
		{E7B768F4-196E-42EE-BBA5-2F1BCB9CB781} = {43061646-8726-4206-81BA-DD1507E2CCC2}
		{CF3DB71B-982D-4754-AFF4-A35AA3A500D9} = {43061646-8726-4206-81BA-DD1507E2CCC2}
		{703E3F05-FE1D-458E-A39E-51C12EAB69D2} = {43061646-8726-4206-81BA-DD1507E2CCC2}
		{8C70CA77-E3D7-4663-9229-053FA28EECC7} = {43061646-8726-4206-81BA-DD1507E2CCC2}
		{5D8F6EB2-3B9B-4594-9EBA-3E345DAFEC37} = {43061646-8726-4206-81BA-DD1507E2CCC2}
		{10542198-7B54-42BF-B18D-3E21874A98F1} = {43061646-8726-4206-81BA-DD1507E2CCC2}
		{BB080608-77F3-4FD2-8B23-B5AAD7AA03C9} = {43061646-8726-4206-81BA-DD1507E2CCC2}
		{0D80D580-C1F7-45F3-B563-6E081C2ED97A} = {43061646-8726-4206-81BA-DD1507E2CCC2}
		{0D2A3947-BA42-47E3-B4C2-4CDF8DA29463} = {43061646-8726-4206-81BA-DD1507E2CCC2}
		{0FD420A8-CC67-4CE5-A622-61C80545DB88} = {43061646-8726-4206-81BA-DD1507E2CCC2}
		{D4E77CDC-F324-48D3-AEBB-7E1C362B747D} = {43061646-8726-4206-81BA-DD1507E2CCC2}
		{5504271E-C691-4FE3-9657-4228081DFB5B} = {43061646-8726-4206-81BA-DD1507E2CCC2}
		{469B05BB-3DD9-4D38-89C5-4B36E229F141} = {43061646-8726-4206-81BA-DD1507E2CCC2}
		{D5A03BF5-E757-4EB6-AC57-C7751DD37C80} = {43061646-8726-4206-81BA-DD1507E2CCC2}
		{7F0B01DA-43C0-46FC-8C26-1EE40DF34B63} = {2E6DDAB7-F1DA-4105-AD0A-45B8F7AC64C0}
		{E3E2AB2C-776E-40E3-BE21-242F415FDE4B} = {2E6DDAB7-F1DA-4105-AD0A-45B8F7AC64C0}
		{FF086A16-2DEE-4930-A0E4-D63F449C6A3F} = {2E6DDAB7-F1DA-4105-AD0A-45B8F7AC64C0}
		{70E193FC-6648-4A58-827C-0917740ACD5C} = {2E6DDAB7-F1DA-4105-AD0A-45B8F7AC64C0}
	EndGlobalSection
EndGlobal
