
Microsoft Visual Studio Solution File, Format Version 11.00
# Visual Studio 2010
Project("{FAE04EC0-301F-11D3-BF4B-00C04F79EFBC}") = "Listing_01", "Listing_01\Listing_01.csproj", "{AAE6F556-2AE3-4CC7-BBAE-9E6AB5A00497}"
EndProject
Project("{2150E333-8FDC-42A3-9474-1A3956D46DE8}") = "Code Listings", "Code Listings", "{80E349A7-203D-4DD5-AF81-0B7C84F3A5D3}"
EndProject
Project("{FAE04EC0-301F-11D3-BF4B-00C04F79EFBC}") = "Listing_02", "Listing_02\Listing_02.csproj", "{17A9A215-6DA5-48CF-8C05-6448CAFF0A08}"
EndProject
Project("{FAE04EC0-301F-11D3-BF4B-00C04F79EFBC}") = "Listing_03", "Listing_03\Listing_03.csproj", "{655AE302-B6F3-447E-A41C-46291C081E1B}"
EndProject
Project("{FAE04EC0-301F-11D3-BF4B-00C04F79EFBC}") = "Listing_04", "Listing_04\Listing_04.csproj", "{FD9D1C9F-206C-40DC-93F9-48B615327D5C}"
EndProject
Project("{FAE04EC0-301F-11D3-BF4B-00C04F79EFBC}") = "Listing_05", "Listing_05\Listing_05.csproj", "{2425D8BF-422D-41A9-A6A4-F00EF9DA0599}"
EndProject
Project("{FAE04EC0-301F-11D3-BF4B-00C04F79EFBC}") = "Listing_06", "Listing_06\Listing_06.csproj", "{8648D242-3D20-4606-A1E3-4A992CDDD5BC}"
EndProject
Project("{FAE04EC0-301F-11D3-BF4B-00C04F79EFBC}") = "Listing_07", "Listing_07\Listing_07.csproj", "{35A0BD06-4E24-4575-A71D-628CF1D4F18E}"
EndProject
Project("{FAE04EC0-301F-11D3-BF4B-00C04F79EFBC}") = "Listing_08", "Listing_08\Listing_08.csproj", "{D2C11863-5654-4E21-88B9-DD8D1EC25429}"
EndProject
Project("{FAE04EC0-301F-11D3-BF4B-00C04F79EFBC}") = "Listing_09", "Listing_09\Listing_09.csproj", "{F7FC623B-DC7E-450A-8195-9EF3B38D2C22}"
EndProject
Project("{FAE04EC0-301F-11D3-BF4B-00C04F79EFBC}") = "Listing_10", "Listing_10\Listing_10.csproj", "{CC73456E-6764-4AC1-81F4-4CBC318F0862}"
EndProject
Project("{FAE04EC0-301F-11D3-BF4B-00C04F79EFBC}") = "Listing_11", "Listing_11\Listing_11.csproj", "{3EB7CA9A-255D-48AD-AA49-71287CEE8217}"
EndProject
Project("{FAE04EC0-301F-11D3-BF4B-00C04F79EFBC}") = "Listing_12", "Listing_12\Listing_12.csproj", "{249E090D-007F-4112-B933-98353846AA83}"
EndProject
Project("{FAE04EC0-301F-11D3-BF4B-00C04F79EFBC}") = "Listing_13", "Listing_13\Listing_13.csproj", "{A541B1D0-E5AB-4D6A-88C8-7944FF726045}"
EndProject
Project("{FAE04EC0-301F-11D3-BF4B-00C04F79EFBC}") = "Listing_14", "Listing_14\Listing_14.csproj", "{8DAED339-80E5-450D-A691-EFD91CCD3196}"
EndProject
Project("{FAE04EC0-301F-11D3-BF4B-00C04F79EFBC}") = "Listing_15", "Listing_15\Listing_15.csproj", "{92B3C77C-F740-4CB3-91F3-2BF88CD96339}"
EndProject
Project("{FAE04EC0-301F-11D3-BF4B-00C04F79EFBC}") = "Listing_16", "Listing_16\Listing_16.csproj", "{1D4F528C-8518-4230-8ED5-B48E6C52E907}"
EndProject
Project("{FAE04EC0-301F-11D3-BF4B-00C04F79EFBC}") = "Listing_17-25", "Listing_17-25\Listing_17-25.csproj", "{274ECC5A-802C-47BB-9C1B-0348C18426D8}"
EndProject
Project("{FAE04EC0-301F-11D3-BF4B-00C04F79EFBC}") = "Listing_26", "Listing_26\Listing_26.csproj", "{7794A268-5479-4557-AFE7-BF7F5C1F2E54}"
EndProject
Project("{2150E333-8FDC-42A3-9474-1A3956D46DE8}") = "Common Problems", "Common Problems", "{0687E4BE-AFD1-48CE-A291-6ED729EB5714}"
EndProject
Project("{FAE04EC0-301F-11D3-BF4B-00C04F79EFBC}") = "Synchronization_in_Loop_Bodies", "Synchronization_in_Loop_Bodies\Synchronization_in_Loop_Bodies.csproj", "{06C5EF44-FA78-4A87-8C6C-E6323D654A05}"
EndProject
Project("{FAE04EC0-301F-11D3-BF4B-00C04F79EFBC}") = "Using_Changing_Data", "Using_Changing_Data\Using_Changing_Data.csproj", "{D72107C0-9722-4125-9C99-E1D000A73DA0}"
EndProject
Project("{FAE04EC0-301F-11D3-BF4B-00C04F79EFBC}") = "Loop_Body_Data_Races", "Loop_Body_Data_Races\Loop_Body_Data_Races.csproj", "{73687FF2-988B-4033-9B48-F531FF52D31D}"
EndProject
Project("{FAE04EC0-301F-11D3-BF4B-00C04F79EFBC}") = "Using_Standard_Collections", "Using_Standard_Collections\Using_Standard_Collections.csproj", "{68C4DB2B-288B-420B-8852-3CB9A835AEEC}"
EndProject
Global
	GlobalSection(SolutionConfigurationPlatforms) = preSolution
		Debug|x86 = Debug|x86
		Release|x86 = Release|x86
	EndGlobalSection
	GlobalSection(ProjectConfigurationPlatforms) = postSolution
		{AAE6F556-2AE3-4CC7-BBAE-9E6AB5A00497}.Debug|x86.ActiveCfg = Debug|x86
		{AAE6F556-2AE3-4CC7-BBAE-9E6AB5A00497}.Debug|x86.Build.0 = Debug|x86
		{AAE6F556-2AE3-4CC7-BBAE-9E6AB5A00497}.Release|x86.ActiveCfg = Release|x86
		{AAE6F556-2AE3-4CC7-BBAE-9E6AB5A00497}.Release|x86.Build.0 = Release|x86
		{17A9A215-6DA5-48CF-8C05-6448CAFF0A08}.Debug|x86.ActiveCfg = Debug|x86
		{17A9A215-6DA5-48CF-8C05-6448CAFF0A08}.Debug|x86.Build.0 = Debug|x86
		{17A9A215-6DA5-48CF-8C05-6448CAFF0A08}.Release|x86.ActiveCfg = Release|x86
		{17A9A215-6DA5-48CF-8C05-6448CAFF0A08}.Release|x86.Build.0 = Release|x86
		{655AE302-B6F3-447E-A41C-46291C081E1B}.Debug|x86.ActiveCfg = Debug|x86
		{655AE302-B6F3-447E-A41C-46291C081E1B}.Debug|x86.Build.0 = Debug|x86
		{655AE302-B6F3-447E-A41C-46291C081E1B}.Release|x86.ActiveCfg = Release|x86
		{655AE302-B6F3-447E-A41C-46291C081E1B}.Release|x86.Build.0 = Release|x86
		{FD9D1C9F-206C-40DC-93F9-48B615327D5C}.Debug|x86.ActiveCfg = Debug|x86
		{FD9D1C9F-206C-40DC-93F9-48B615327D5C}.Debug|x86.Build.0 = Debug|x86
		{FD9D1C9F-206C-40DC-93F9-48B615327D5C}.Release|x86.ActiveCfg = Release|x86
		{FD9D1C9F-206C-40DC-93F9-48B615327D5C}.Release|x86.Build.0 = Release|x86
		{2425D8BF-422D-41A9-A6A4-F00EF9DA0599}.Debug|x86.ActiveCfg = Debug|x86
		{2425D8BF-422D-41A9-A6A4-F00EF9DA0599}.Debug|x86.Build.0 = Debug|x86
		{2425D8BF-422D-41A9-A6A4-F00EF9DA0599}.Release|x86.ActiveCfg = Release|x86
		{2425D8BF-422D-41A9-A6A4-F00EF9DA0599}.Release|x86.Build.0 = Release|x86
		{8648D242-3D20-4606-A1E3-4A992CDDD5BC}.Debug|x86.ActiveCfg = Debug|x86
		{8648D242-3D20-4606-A1E3-4A992CDDD5BC}.Debug|x86.Build.0 = Debug|x86
		{8648D242-3D20-4606-A1E3-4A992CDDD5BC}.Release|x86.ActiveCfg = Release|x86
		{8648D242-3D20-4606-A1E3-4A992CDDD5BC}.Release|x86.Build.0 = Release|x86
		{35A0BD06-4E24-4575-A71D-628CF1D4F18E}.Debug|x86.ActiveCfg = Debug|x86
		{35A0BD06-4E24-4575-A71D-628CF1D4F18E}.Debug|x86.Build.0 = Debug|x86
		{35A0BD06-4E24-4575-A71D-628CF1D4F18E}.Release|x86.ActiveCfg = Release|x86
		{35A0BD06-4E24-4575-A71D-628CF1D4F18E}.Release|x86.Build.0 = Release|x86
		{D2C11863-5654-4E21-88B9-DD8D1EC25429}.Debug|x86.ActiveCfg = Debug|x86
		{D2C11863-5654-4E21-88B9-DD8D1EC25429}.Debug|x86.Build.0 = Debug|x86
		{D2C11863-5654-4E21-88B9-DD8D1EC25429}.Release|x86.ActiveCfg = Release|x86
		{D2C11863-5654-4E21-88B9-DD8D1EC25429}.Release|x86.Build.0 = Release|x86
		{F7FC623B-DC7E-450A-8195-9EF3B38D2C22}.Debug|x86.ActiveCfg = Debug|x86
		{F7FC623B-DC7E-450A-8195-9EF3B38D2C22}.Debug|x86.Build.0 = Debug|x86
		{F7FC623B-DC7E-450A-8195-9EF3B38D2C22}.Release|x86.ActiveCfg = Release|x86
		{F7FC623B-DC7E-450A-8195-9EF3B38D2C22}.Release|x86.Build.0 = Release|x86
		{CC73456E-6764-4AC1-81F4-4CBC318F0862}.Debug|x86.ActiveCfg = Debug|x86
		{CC73456E-6764-4AC1-81F4-4CBC318F0862}.Debug|x86.Build.0 = Debug|x86
		{CC73456E-6764-4AC1-81F4-4CBC318F0862}.Release|x86.ActiveCfg = Release|x86
		{CC73456E-6764-4AC1-81F4-4CBC318F0862}.Release|x86.Build.0 = Release|x86
		{3EB7CA9A-255D-48AD-AA49-71287CEE8217}.Debug|x86.ActiveCfg = Debug|x86
		{3EB7CA9A-255D-48AD-AA49-71287CEE8217}.Debug|x86.Build.0 = Debug|x86
		{3EB7CA9A-255D-48AD-AA49-71287CEE8217}.Release|x86.ActiveCfg = Release|x86
		{3EB7CA9A-255D-48AD-AA49-71287CEE8217}.Release|x86.Build.0 = Release|x86
		{249E090D-007F-4112-B933-98353846AA83}.Debug|x86.ActiveCfg = Debug|x86
		{249E090D-007F-4112-B933-98353846AA83}.Debug|x86.Build.0 = Debug|x86
		{249E090D-007F-4112-B933-98353846AA83}.Release|x86.ActiveCfg = Release|x86
		{249E090D-007F-4112-B933-98353846AA83}.Release|x86.Build.0 = Release|x86
		{A541B1D0-E5AB-4D6A-88C8-7944FF726045}.Debug|x86.ActiveCfg = Debug|x86
		{A541B1D0-E5AB-4D6A-88C8-7944FF726045}.Debug|x86.Build.0 = Debug|x86
		{A541B1D0-E5AB-4D6A-88C8-7944FF726045}.Release|x86.ActiveCfg = Release|x86
		{A541B1D0-E5AB-4D6A-88C8-7944FF726045}.Release|x86.Build.0 = Release|x86
		{8DAED339-80E5-450D-A691-EFD91CCD3196}.Debug|x86.ActiveCfg = Debug|x86
		{8DAED339-80E5-450D-A691-EFD91CCD3196}.Debug|x86.Build.0 = Debug|x86
		{8DAED339-80E5-450D-A691-EFD91CCD3196}.Release|x86.ActiveCfg = Release|x86
		{8DAED339-80E5-450D-A691-EFD91CCD3196}.Release|x86.Build.0 = Release|x86
		{92B3C77C-F740-4CB3-91F3-2BF88CD96339}.Debug|x86.ActiveCfg = Debug|x86
		{92B3C77C-F740-4CB3-91F3-2BF88CD96339}.Debug|x86.Build.0 = Debug|x86
		{92B3C77C-F740-4CB3-91F3-2BF88CD96339}.Release|x86.ActiveCfg = Release|x86
		{92B3C77C-F740-4CB3-91F3-2BF88CD96339}.Release|x86.Build.0 = Release|x86
		{1D4F528C-8518-4230-8ED5-B48E6C52E907}.Debug|x86.ActiveCfg = Debug|x86
		{1D4F528C-8518-4230-8ED5-B48E6C52E907}.Debug|x86.Build.0 = Debug|x86
		{1D4F528C-8518-4230-8ED5-B48E6C52E907}.Release|x86.ActiveCfg = Release|x86
		{1D4F528C-8518-4230-8ED5-B48E6C52E907}.Release|x86.Build.0 = Release|x86
		{274ECC5A-802C-47BB-9C1B-0348C18426D8}.Debug|x86.ActiveCfg = Debug|x86
		{274ECC5A-802C-47BB-9C1B-0348C18426D8}.Debug|x86.Build.0 = Debug|x86
		{274ECC5A-802C-47BB-9C1B-0348C18426D8}.Release|x86.ActiveCfg = Release|x86
		{274ECC5A-802C-47BB-9C1B-0348C18426D8}.Release|x86.Build.0 = Release|x86
		{7794A268-5479-4557-AFE7-BF7F5C1F2E54}.Debug|x86.ActiveCfg = Debug|x86
		{7794A268-5479-4557-AFE7-BF7F5C1F2E54}.Debug|x86.Build.0 = Debug|x86
		{7794A268-5479-4557-AFE7-BF7F5C1F2E54}.Release|x86.ActiveCfg = Release|x86
		{7794A268-5479-4557-AFE7-BF7F5C1F2E54}.Release|x86.Build.0 = Release|x86
		{06C5EF44-FA78-4A87-8C6C-E6323D654A05}.Debug|x86.ActiveCfg = Debug|x86
		{06C5EF44-FA78-4A87-8C6C-E6323D654A05}.Debug|x86.Build.0 = Debug|x86
		{06C5EF44-FA78-4A87-8C6C-E6323D654A05}.Release|x86.ActiveCfg = Release|x86
		{06C5EF44-FA78-4A87-8C6C-E6323D654A05}.Release|x86.Build.0 = Release|x86
		{D72107C0-9722-4125-9C99-E1D000A73DA0}.Debug|x86.ActiveCfg = Debug|x86
		{D72107C0-9722-4125-9C99-E1D000A73DA0}.Debug|x86.Build.0 = Debug|x86
		{D72107C0-9722-4125-9C99-E1D000A73DA0}.Release|x86.ActiveCfg = Release|x86
		{D72107C0-9722-4125-9C99-E1D000A73DA0}.Release|x86.Build.0 = Release|x86
		{73687FF2-988B-4033-9B48-F531FF52D31D}.Debug|x86.ActiveCfg = Debug|x86
		{73687FF2-988B-4033-9B48-F531FF52D31D}.Debug|x86.Build.0 = Debug|x86
		{73687FF2-988B-4033-9B48-F531FF52D31D}.Release|x86.ActiveCfg = Release|x86
		{73687FF2-988B-4033-9B48-F531FF52D31D}.Release|x86.Build.0 = Release|x86
		{68C4DB2B-288B-420B-8852-3CB9A835AEEC}.Debug|x86.ActiveCfg = Debug|x86
		{68C4DB2B-288B-420B-8852-3CB9A835AEEC}.Debug|x86.Build.0 = Debug|x86
		{68C4DB2B-288B-420B-8852-3CB9A835AEEC}.Release|x86.ActiveCfg = Release|x86
		{68C4DB2B-288B-420B-8852-3CB9A835AEEC}.Release|x86.Build.0 = Release|x86
	EndGlobalSection
	GlobalSection(SolutionProperties) = preSolution
		HideSolutionNode = FALSE
	EndGlobalSection
	GlobalSection(NestedProjects) = preSolution
		{AAE6F556-2AE3-4CC7-BBAE-9E6AB5A00497} = {80E349A7-203D-4DD5-AF81-0B7C84F3A5D3}
		{17A9A215-6DA5-48CF-8C05-6448CAFF0A08} = {80E349A7-203D-4DD5-AF81-0B7C84F3A5D3}
		{655AE302-B6F3-447E-A41C-46291C081E1B} = {80E349A7-203D-4DD5-AF81-0B7C84F3A5D3}
		{FD9D1C9F-206C-40DC-93F9-48B615327D5C} = {80E349A7-203D-4DD5-AF81-0B7C84F3A5D3}
		{2425D8BF-422D-41A9-A6A4-F00EF9DA0599} = {80E349A7-203D-4DD5-AF81-0B7C84F3A5D3}
		{8648D242-3D20-4606-A1E3-4A992CDDD5BC} = {80E349A7-203D-4DD5-AF81-0B7C84F3A5D3}
		{35A0BD06-4E24-4575-A71D-628CF1D4F18E} = {80E349A7-203D-4DD5-AF81-0B7C84F3A5D3}
		{D2C11863-5654-4E21-88B9-DD8D1EC25429} = {80E349A7-203D-4DD5-AF81-0B7C84F3A5D3}
		{F7FC623B-DC7E-450A-8195-9EF3B38D2C22} = {80E349A7-203D-4DD5-AF81-0B7C84F3A5D3}
		{CC73456E-6764-4AC1-81F4-4CBC318F0862} = {80E349A7-203D-4DD5-AF81-0B7C84F3A5D3}
		{3EB7CA9A-255D-48AD-AA49-71287CEE8217} = {80E349A7-203D-4DD5-AF81-0B7C84F3A5D3}
		{249E090D-007F-4112-B933-98353846AA83} = {80E349A7-203D-4DD5-AF81-0B7C84F3A5D3}
		{A541B1D0-E5AB-4D6A-88C8-7944FF726045} = {80E349A7-203D-4DD5-AF81-0B7C84F3A5D3}
		{8DAED339-80E5-450D-A691-EFD91CCD3196} = {80E349A7-203D-4DD5-AF81-0B7C84F3A5D3}
		{92B3C77C-F740-4CB3-91F3-2BF88CD96339} = {80E349A7-203D-4DD5-AF81-0B7C84F3A5D3}
		{1D4F528C-8518-4230-8ED5-B48E6C52E907} = {80E349A7-203D-4DD5-AF81-0B7C84F3A5D3}
		{274ECC5A-802C-47BB-9C1B-0348C18426D8} = {80E349A7-203D-4DD5-AF81-0B7C84F3A5D3}
		{7794A268-5479-4557-AFE7-BF7F5C1F2E54} = {80E349A7-203D-4DD5-AF81-0B7C84F3A5D3}
		{06C5EF44-FA78-4A87-8C6C-E6323D654A05} = {0687E4BE-AFD1-48CE-A291-6ED729EB5714}
		{D72107C0-9722-4125-9C99-E1D000A73DA0} = {0687E4BE-AFD1-48CE-A291-6ED729EB5714}
		{73687FF2-988B-4033-9B48-F531FF52D31D} = {0687E4BE-AFD1-48CE-A291-6ED729EB5714}
		{68C4DB2B-288B-420B-8852-3CB9A835AEEC} = {0687E4BE-AFD1-48CE-A291-6ED729EB5714}
	EndGlobalSection
EndGlobal
